// !$*UTF8*$!
{
	archiveVersion = 1;
	classes = {
	};
	objectVersion = 50;
	objects = {

/* Begin PBXBuildFile section */
		FE724ED625375D7C00764387 /* AppDelegate.swift in Sources */ = {isa = PBXBuildFile; fileRef = FE724ED525375D7C00764387 /* AppDelegate.swift */; };
		FE724ED825375D7C00764387 /* SceneDelegate.swift in Sources */ = {isa = PBXBuildFile; fileRef = FE724ED725375D7C00764387 /* SceneDelegate.swift */; };
		FE724EDA25375D7D00764387 /* HomeController.swift in Sources */ = {isa = PBXBuildFile; fileRef = FE724ED925375D7D00764387 /* HomeController.swift */; };
		FE724EDD25375D7D00764387 /* Home.storyboard in Resources */ = {isa = PBXBuildFile; fileRef = FE724EDB25375D7D00764387 /* Home.storyboard */; };
		FE724EDF25375D8000764387 /* Assets.xcassets in Resources */ = {isa = PBXBuildFile; fileRef = FE724EDE25375D8000764387 /* Assets.xcassets */; };
		FE724EE225375D8000764387 /* LaunchScreen.storyboard in Resources */ = {isa = PBXBuildFile; fileRef = FE724EE025375D8000764387 /* LaunchScreen.storyboard */; };
		FE724EED2537D3A700764387 /* GroceryModel.swift in Sources */ = {isa = PBXBuildFile; fileRef = FE724EEC2537D3A700764387 /* GroceryModel.swift */; };
		FE724EF12537D3DF00764387 /* DrinksModel.swift in Sources */ = {isa = PBXBuildFile; fileRef = FE724EF02537D3DF00764387 /* DrinksModel.swift */; };
		FE724EF42537D3EE00764387 /* CarModel.swift in Sources */ = {isa = PBXBuildFile; fileRef = FE724EF32537D3EE00764387 /* CarModel.swift */; };
		FE724EF72537D40200764387 /* BedModel.swift in Sources */ = {isa = PBXBuildFile; fileRef = FE724EF62537D40200764387 /* BedModel.swift */; };
		FE724EFA2537DEEA00764387 /* CottageTrip.swift in Sources */ = {isa = PBXBuildFile; fileRef = FE724EF92537DEEA00764387 /* CottageTrip.swift */; };
		FE724F0A253A07F800764387 /* CottageTabs.storyboard in Resources */ = {isa = PBXBuildFile; fileRef = FE724F09253A07F800764387 /* CottageTabs.storyboard */; };
		FE724F0D253A081C00764387 /* CottageTabsController.swift in Sources */ = {isa = PBXBuildFile; fileRef = FE724F0C253A081C00764387 /* CottageTabsController.swift */; };
		FE724F10253CF06C00764387 /* GroceriesController.swift in Sources */ = {isa = PBXBuildFile; fileRef = FE724F0F253CF06C00764387 /* GroceriesController.swift */; };
		FE724F13253CF08200764387 /* CarsController.swift in Sources */ = {isa = PBXBuildFile; fileRef = FE724F12253CF08200764387 /* CarsController.swift */; };
		FE724F16253CF09B00764387 /* BedsController.swift in Sources */ = {isa = PBXBuildFile; fileRef = FE724F15253CF09B00764387 /* BedsController.swift */; };
		FE724F19253CF0AB00764387 /* DrinksController.swift in Sources */ = {isa = PBXBuildFile; fileRef = FE724F18253CF0AB00764387 /* DrinksController.swift */; };
		FE724F1C253CF0CC00764387 /* Groceries.storyboard in Resources */ = {isa = PBXBuildFile; fileRef = FE724F1B253CF0CC00764387 /* Groceries.storyboard */; };
		FE724F1F253CF14F00764387 /* Cars.storyboard in Resources */ = {isa = PBXBuildFile; fileRef = FE724F1E253CF14F00764387 /* Cars.storyboard */; };
		FE724F22253CF17100764387 /* Beds.storyboard in Resources */ = {isa = PBXBuildFile; fileRef = FE724F21253CF17100764387 /* Beds.storyboard */; };
		FE724F25253CF18700764387 /* Drinks.storyboard in Resources */ = {isa = PBXBuildFile; fileRef = FE724F24253CF18700764387 /* Drinks.storyboard */; };
		FE724F28253E773F00764387 /* AttendeeModel.swift in Sources */ = {isa = PBXBuildFile; fileRef = FE724F27253E773F00764387 /* AttendeeModel.swift */; };
		FE724F2D253E7A3200764387 /* Attendees.storyboard in Resources */ = {isa = PBXBuildFile; fileRef = FE724F2C253E7A3200764387 /* Attendees.storyboard */; };
		FE724F30253E7A4E00764387 /* AttendeesController.swift in Sources */ = {isa = PBXBuildFile; fileRef = FE724F2F253E7A4E00764387 /* AttendeesController.swift */; };
		FE724F34253E80DC00764387 /* TestHelper.swift in Sources */ = {isa = PBXBuildFile; fileRef = FE724F33253E80DC00764387 /* TestHelper.swift */; };
		FE724F38253E89E000764387 /* TabBarItemControllerProtocol.swift in Sources */ = {isa = PBXBuildFile; fileRef = FE724F37253E89E000764387 /* TabBarItemControllerProtocol.swift */; };
		FE724F3D253E8A6D00764387 /* CottageModelProtocol.swift in Sources */ = {isa = PBXBuildFile; fileRef = FE724F3C253E8A6D00764387 /* CottageModelProtocol.swift */; };
/* End PBXBuildFile section */

/* Begin PBXFileReference section */
		FE724ED225375D7C00764387 /* Cottage Organization Buddy.app */ = {isa = PBXFileReference; explicitFileType = wrapper.application; includeInIndex = 0; path = "Cottage Organization Buddy.app"; sourceTree = BUILT_PRODUCTS_DIR; };
		FE724ED525375D7C00764387 /* AppDelegate.swift */ = {isa = PBXFileReference; lastKnownFileType = sourcecode.swift; path = AppDelegate.swift; sourceTree = "<group>"; };
		FE724ED725375D7C00764387 /* SceneDelegate.swift */ = {isa = PBXFileReference; lastKnownFileType = sourcecode.swift; path = SceneDelegate.swift; sourceTree = "<group>"; };
		FE724ED925375D7D00764387 /* HomeController.swift */ = {isa = PBXFileReference; lastKnownFileType = sourcecode.swift; path = HomeController.swift; sourceTree = "<group>"; };
		FE724EDC25375D7D00764387 /* Base */ = {isa = PBXFileReference; lastKnownFileType = file.storyboard; name = Base; path = Base.lproj/Home.storyboard; sourceTree = "<group>"; };
		FE724EDE25375D8000764387 /* Assets.xcassets */ = {isa = PBXFileReference; lastKnownFileType = folder.assetcatalog; path = Assets.xcassets; sourceTree = "<group>"; };
		FE724EE125375D8000764387 /* Base */ = {isa = PBXFileReference; lastKnownFileType = file.storyboard; name = Base; path = Base.lproj/LaunchScreen.storyboard; sourceTree = "<group>"; };
		FE724EE325375D8000764387 /* Info.plist */ = {isa = PBXFileReference; lastKnownFileType = text.plist.xml; path = Info.plist; sourceTree = "<group>"; };
		FE724EEC2537D3A700764387 /* GroceryModel.swift */ = {isa = PBXFileReference; lastKnownFileType = sourcecode.swift; path = GroceryModel.swift; sourceTree = "<group>"; };
		FE724EF02537D3DF00764387 /* DrinksModel.swift */ = {isa = PBXFileReference; lastKnownFileType = sourcecode.swift; path = DrinksModel.swift; sourceTree = "<group>"; };
		FE724EF32537D3EE00764387 /* CarModel.swift */ = {isa = PBXFileReference; lastKnownFileType = sourcecode.swift; path = CarModel.swift; sourceTree = "<group>"; };
		FE724EF62537D40200764387 /* BedModel.swift */ = {isa = PBXFileReference; lastKnownFileType = sourcecode.swift; path = BedModel.swift; sourceTree = "<group>"; };
		FE724EF92537DEEA00764387 /* CottageTrip.swift */ = {isa = PBXFileReference; lastKnownFileType = sourcecode.swift; path = CottageTrip.swift; sourceTree = "<group>"; };
		FE724F09253A07F800764387 /* CottageTabs.storyboard */ = {isa = PBXFileReference; lastKnownFileType = file.storyboard; path = CottageTabs.storyboard; sourceTree = "<group>"; };
		FE724F0C253A081C00764387 /* CottageTabsController.swift */ = {isa = PBXFileReference; lastKnownFileType = sourcecode.swift; path = CottageTabsController.swift; sourceTree = "<group>"; };
		FE724F0F253CF06C00764387 /* GroceriesController.swift */ = {isa = PBXFileReference; lastKnownFileType = sourcecode.swift; path = GroceriesController.swift; sourceTree = "<group>"; };
		FE724F12253CF08200764387 /* CarsController.swift */ = {isa = PBXFileReference; lastKnownFileType = sourcecode.swift; path = CarsController.swift; sourceTree = "<group>"; };
		FE724F15253CF09B00764387 /* BedsController.swift */ = {isa = PBXFileReference; lastKnownFileType = sourcecode.swift; path = BedsController.swift; sourceTree = "<group>"; };
		FE724F18253CF0AB00764387 /* DrinksController.swift */ = {isa = PBXFileReference; lastKnownFileType = sourcecode.swift; path = DrinksController.swift; sourceTree = "<group>"; };
		FE724F1B253CF0CC00764387 /* Groceries.storyboard */ = {isa = PBXFileReference; lastKnownFileType = file.storyboard; path = Groceries.storyboard; sourceTree = "<group>"; };
		FE724F1E253CF14F00764387 /* Cars.storyboard */ = {isa = PBXFileReference; lastKnownFileType = file.storyboard; path = Cars.storyboard; sourceTree = "<group>"; };
		FE724F21253CF17100764387 /* Beds.storyboard */ = {isa = PBXFileReference; lastKnownFileType = file.storyboard; path = Beds.storyboard; sourceTree = "<group>"; };
		FE724F24253CF18700764387 /* Drinks.storyboard */ = {isa = PBXFileReference; lastKnownFileType = file.storyboard; path = Drinks.storyboard; sourceTree = "<group>"; };
		FE724F27253E773F00764387 /* AttendeeModel.swift */ = {isa = PBXFileReference; lastKnownFileType = sourcecode.swift; path = AttendeeModel.swift; sourceTree = "<group>"; };
		FE724F2C253E7A3200764387 /* Attendees.storyboard */ = {isa = PBXFileReference; lastKnownFileType = file.storyboard; path = Attendees.storyboard; sourceTree = "<group>"; };
		FE724F2F253E7A4E00764387 /* AttendeesController.swift */ = {isa = PBXFileReference; lastKnownFileType = sourcecode.swift; path = AttendeesController.swift; sourceTree = "<group>"; };
		FE724F33253E80DC00764387 /* TestHelper.swift */ = {isa = PBXFileReference; lastKnownFileType = sourcecode.swift; path = TestHelper.swift; sourceTree = "<group>"; };
		FE724F37253E89E000764387 /* TabBarItemControllerProtocol.swift */ = {isa = PBXFileReference; lastKnownFileType = sourcecode.swift; path = TabBarItemControllerProtocol.swift; sourceTree = "<group>"; };
		FE724F3C253E8A6D00764387 /* CottageModelProtocol.swift */ = {isa = PBXFileReference; lastKnownFileType = sourcecode.swift; path = CottageModelProtocol.swift; sourceTree = "<group>"; };
/* End PBXFileReference section */

/* Begin PBXFrameworksBuildPhase section */
		FE724ECF25375D7C00764387 /* Frameworks */ = {
			isa = PBXFrameworksBuildPhase;
			buildActionMask = 2147483647;
			files = (
			);
			runOnlyForDeploymentPostprocessing = 0;
		};
/* End PBXFrameworksBuildPhase section */

/* Begin PBXGroup section */
		FE724EC925375D7C00764387 = {
			isa = PBXGroup;
			children = (
				FE724ED425375D7C00764387 /* Cottage Organization Buddy */,
				FE724ED325375D7C00764387 /* Products */,
			);
			sourceTree = "<group>";
		};
		FE724ED325375D7C00764387 /* Products */ = {
			isa = PBXGroup;
			children = (
				FE724ED225375D7C00764387 /* Cottage Organization Buddy.app */,
			);
			name = Products;
			sourceTree = "<group>";
		};
		FE724ED425375D7C00764387 /* Cottage Organization Buddy */ = {
			isa = PBXGroup;
			children = (
				FE724F32253E80CD00764387 /* Helpers */,
				FE724F0225394B6500764387 /* Controllers */,
				FE724F0125394B3A00764387 /* Views */,
				FE724EEB2537D37B00764387 /* Models */,
				FE724ED525375D7C00764387 /* AppDelegate.swift */,
				FE724ED725375D7C00764387 /* SceneDelegate.swift */,
				FE724EDE25375D8000764387 /* Assets.xcassets */,
				FE724EE025375D8000764387 /* LaunchScreen.storyboard */,
				FE724EE325375D8000764387 /* Info.plist */,
			);
			path = "Cottage Organization Buddy";
			sourceTree = "<group>";
		};
		FE724EEB2537D37B00764387 /* Models */ = {
			isa = PBXGroup;
			children = (
				FE724F3B253E8A5A00764387 /* Model Protocols */,
				FE724EF62537D40200764387 /* BedModel.swift */,
				FE724EF32537D3EE00764387 /* CarModel.swift */,
				FE724EF92537DEEA00764387 /* CottageTrip.swift */,
				FE724EF02537D3DF00764387 /* DrinksModel.swift */,
				FE724EEC2537D3A700764387 /* GroceryModel.swift */,
				FE724F27253E773F00764387 /* AttendeeModel.swift */,
			);
			path = Models;
			sourceTree = "<group>";
		};
		FE724F0125394B3A00764387 /* Views */ = {
			isa = PBXGroup;
			children = (
				FE724EDB25375D7D00764387 /* Home.storyboard */,
				FE724F09253A07F800764387 /* CottageTabs.storyboard */,
				FE724F1B253CF0CC00764387 /* Groceries.storyboard */,
				FE724F1E253CF14F00764387 /* Cars.storyboard */,
				FE724F21253CF17100764387 /* Beds.storyboard */,
				FE724F24253CF18700764387 /* Drinks.storyboard */,
				FE724F2C253E7A3200764387 /* Attendees.storyboard */,
			);
			path = Views;
			sourceTree = "<group>";
		};
		FE724F0225394B6500764387 /* Controllers */ = {
			isa = PBXGroup;
			children = (
				FE724F36253E899B00764387 /* Controller Protocols */,
				FE724ED925375D7D00764387 /* HomeController.swift */,
				FE724F0C253A081C00764387 /* CottageTabsController.swift */,
				FE724F0F253CF06C00764387 /* GroceriesController.swift */,
				FE724F12253CF08200764387 /* CarsController.swift */,
				FE724F15253CF09B00764387 /* BedsController.swift */,
				FE724F18253CF0AB00764387 /* DrinksController.swift */,
				FE724F2F253E7A4E00764387 /* AttendeesController.swift */,
			);
			path = Controllers;
			sourceTree = "<group>";
		};
		FE724F32253E80CD00764387 /* Helpers */ = {
			isa = PBXGroup;
			children = (
				FE724F33253E80DC00764387 /* TestHelper.swift */,
			);
			path = Helpers;
			sourceTree = "<group>";
		};
		FE724F36253E899B00764387 /* Controller Protocols */ = {
			isa = PBXGroup;
			children = (
				FE724F37253E89E000764387 /* TabBarItemControllerProtocol.swift */,
			);
			path = "Controller Protocols";
			sourceTree = "<group>";
		};
		FE724F3B253E8A5A00764387 /* Model Protocols */ = {
			isa = PBXGroup;
			children = (
				FE724F3C253E8A6D00764387 /* CottageModelProtocol.swift */,
			);
			path = "Model Protocols";
			sourceTree = "<group>";
		};
/* End PBXGroup section */

/* Begin PBXNativeTarget section */
		FE724ED125375D7C00764387 /* Cottage Organization Buddy */ = {
			isa = PBXNativeTarget;
			buildConfigurationList = FE724EE625375D8000764387 /* Build configuration list for PBXNativeTarget "Cottage Organization Buddy" */;
			buildPhases = (
				FE724ECE25375D7C00764387 /* Sources */,
				FE724ECF25375D7C00764387 /* Frameworks */,
				FE724ED025375D7C00764387 /* Resources */,
			);
			buildRules = (
			);
			dependencies = (
			);
			name = "Cottage Organization Buddy";
			productName = "Cottage Organization Buddy";
			productReference = FE724ED225375D7C00764387 /* Cottage Organization Buddy.app */;
			productType = "com.apple.product-type.application";
		};
/* End PBXNativeTarget section */

/* Begin PBXProject section */
		FE724ECA25375D7C00764387 /* Project object */ = {
			isa = PBXProject;
			attributes = {
				LastSwiftUpdateCheck = 1200;
				LastUpgradeCheck = 1200;
				TargetAttributes = {
					FE724ED125375D7C00764387 = {
						CreatedOnToolsVersion = 12.0.1;
					};
				};
			};
			buildConfigurationList = FE724ECD25375D7C00764387 /* Build configuration list for PBXProject "Cottage Organization Buddy" */;
			compatibilityVersion = "Xcode 9.3";
			developmentRegion = en;
			hasScannedForEncodings = 0;
			knownRegions = (
				en,
				Base,
			);
			mainGroup = FE724EC925375D7C00764387;
			productRefGroup = FE724ED325375D7C00764387 /* Products */;
			projectDirPath = "";
			projectRoot = "";
			targets = (
				FE724ED125375D7C00764387 /* Cottage Organization Buddy */,
			);
		};
/* End PBXProject section */

/* Begin PBXResourcesBuildPhase section */
		FE724ED025375D7C00764387 /* Resources */ = {
			isa = PBXResourcesBuildPhase;
			buildActionMask = 2147483647;
			files = (
				FE724F2D253E7A3200764387 /* Attendees.storyboard in Resources */,
				FE724F1C253CF0CC00764387 /* Groceries.storyboard in Resources */,
				FE724F1F253CF14F00764387 /* Cars.storyboard in Resources */,
				FE724EE225375D8000764387 /* LaunchScreen.storyboard in Resources */,
				FE724F25253CF18700764387 /* Drinks.storyboard in Resources */,
				FE724EDF25375D8000764387 /* Assets.xcassets in Resources */,
				FE724F0A253A07F800764387 /* CottageTabs.storyboard in Resources */,
				FE724EDD25375D7D00764387 /* Home.storyboard in Resources */,
				FE724F22253CF17100764387 /* Beds.storyboard in Resources */,
			);
			runOnlyForDeploymentPostprocessing = 0;
		};
/* End PBXResourcesBuildPhase section */

/* Begin PBXSourcesBuildPhase section */
		FE724ECE25375D7C00764387 /* Sources */ = {
			isa = PBXSourcesBuildPhase;
			buildActionMask = 2147483647;
			files = (
				FE724EF42537D3EE00764387 /* CarModel.swift in Sources */,
				FE724F3D253E8A6D00764387 /* CottageModelProtocol.swift in Sources */,
				FE724F28253E773F00764387 /* AttendeeModel.swift in Sources */,
				FE724F16253CF09B00764387 /* BedsController.swift in Sources */,
				FE724EDA25375D7D00764387 /* HomeController.swift in Sources */,
				FE724EFA2537DEEA00764387 /* CottageTrip.swift in Sources */,
				FE724ED625375D7C00764387 /* AppDelegate.swift in Sources */,
				FE724F19253CF0AB00764387 /* DrinksController.swift in Sources */,
				FE724ED825375D7C00764387 /* SceneDelegate.swift in Sources */,
				FE724EED2537D3A700764387 /* GroceryModel.swift in Sources */,
				FE724F0D253A081C00764387 /* CottageTabsController.swift in Sources */,
				FE724F10253CF06C00764387 /* GroceriesController.swift in Sources */,
				FE724F34253E80DC00764387 /* TestHelper.swift in Sources */,
				FE724F38253E89E000764387 /* TabBarItemControllerProtocol.swift in Sources */,
				FE724F30253E7A4E00764387 /* AttendeesController.swift in Sources */,
				FE724EF12537D3DF00764387 /* DrinksModel.swift in Sources */,
				FE724F13253CF08200764387 /* CarsController.swift in Sources */,
				FE724EF72537D40200764387 /* BedModel.swift in Sources */,
			);
			runOnlyForDeploymentPostprocessing = 0;
		};
/* End PBXSourcesBuildPhase section */

/* Begin PBXVariantGroup section */
		FE724EDB25375D7D00764387 /* Home.storyboard */ = {
			isa = PBXVariantGroup;
			children = (
				FE724EDC25375D7D00764387 /* Base */,
			);
			name = Home.storyboard;
			sourceTree = "<group>";
		};
		FE724EE025375D8000764387 /* LaunchScreen.storyboard */ = {
			isa = PBXVariantGroup;
			children = (
				FE724EE125375D8000764387 /* Base */,
			);
			name = LaunchScreen.storyboard;
			sourceTree = "<group>";
		};
/* End PBXVariantGroup section */

/* Begin XCBuildConfiguration section */
		FE724EE425375D8000764387 /* Debug */ = {
			isa = XCBuildConfiguration;
			buildSettings = {
				ALWAYS_SEARCH_USER_PATHS = NO;
				CLANG_ANALYZER_NONNULL = YES;
				CLANG_ANALYZER_NUMBER_OBJECT_CONVERSION = YES_AGGRESSIVE;
				CLANG_CXX_LANGUAGE_STANDARD = "gnu++14";
				CLANG_CXX_LIBRARY = "libc++";
				CLANG_ENABLE_MODULES = YES;
				CLANG_ENABLE_OBJC_ARC = YES;
				CLANG_ENABLE_OBJC_WEAK = YES;
				CLANG_WARN_BLOCK_CAPTURE_AUTORELEASING = YES;
				CLANG_WARN_BOOL_CONVERSION = YES;
				CLANG_WARN_COMMA = YES;
				CLANG_WARN_CONSTANT_CONVERSION = YES;
				CLANG_WARN_DEPRECATED_OBJC_IMPLEMENTATIONS = YES;
				CLANG_WARN_DIRECT_OBJC_ISA_USAGE = YES_ERROR;
				CLANG_WARN_DOCUMENTATION_COMMENTS = YES;
				CLANG_WARN_EMPTY_BODY = YES;
				CLANG_WARN_ENUM_CONVERSION = YES;
				CLANG_WARN_INFINITE_RECURSION = YES;
				CLANG_WARN_INT_CONVERSION = YES;
				CLANG_WARN_NON_LITERAL_NULL_CONVERSION = YES;
				CLANG_WARN_OBJC_IMPLICIT_RETAIN_SELF = YES;
				CLANG_WARN_OBJC_LITERAL_CONVERSION = YES;
				CLANG_WARN_OBJC_ROOT_CLASS = YES_ERROR;
				CLANG_WARN_QUOTED_INCLUDE_IN_FRAMEWORK_HEADER = YES;
				CLANG_WARN_RANGE_LOOP_ANALYSIS = YES;
				CLANG_WARN_STRICT_PROTOTYPES = YES;
				CLANG_WARN_SUSPICIOUS_MOVE = YES;
				CLANG_WARN_UNGUARDED_AVAILABILITY = YES_AGGRESSIVE;
				CLANG_WARN_UNREACHABLE_CODE = YES;
				CLANG_WARN__DUPLICATE_METHOD_MATCH = YES;
				COPY_PHASE_STRIP = NO;
				DEBUG_INFORMATION_FORMAT = dwarf;
				ENABLE_STRICT_OBJC_MSGSEND = YES;
				ENABLE_TESTABILITY = YES;
				GCC_C_LANGUAGE_STANDARD = gnu11;
				GCC_DYNAMIC_NO_PIC = NO;
				GCC_NO_COMMON_BLOCKS = YES;
				GCC_OPTIMIZATION_LEVEL = 0;
				GCC_PREPROCESSOR_DEFINITIONS = (
					"DEBUG=1",
					"$(inherited)",
				);
				GCC_WARN_64_TO_32_BIT_CONVERSION = YES;
				GCC_WARN_ABOUT_RETURN_TYPE = YES_ERROR;
				GCC_WARN_UNDECLARED_SELECTOR = YES;
				GCC_WARN_UNINITIALIZED_AUTOS = YES_AGGRESSIVE;
				GCC_WARN_UNUSED_FUNCTION = YES;
				GCC_WARN_UNUSED_VARIABLE = YES;
				IPHONEOS_DEPLOYMENT_TARGET = 14.0;
				MTL_ENABLE_DEBUG_INFO = INCLUDE_SOURCE;
				MTL_FAST_MATH = YES;
				ONLY_ACTIVE_ARCH = YES;
				SDKROOT = iphoneos;
				SWIFT_ACTIVE_COMPILATION_CONDITIONS = DEBUG;
				SWIFT_OPTIMIZATION_LEVEL = "-Onone";
			};
			name = Debug;
		};
		FE724EE525375D8000764387 /* Release */ = {
			isa = XCBuildConfiguration;
			buildSettings = {
				ALWAYS_SEARCH_USER_PATHS = NO;
				CLANG_ANALYZER_NONNULL = YES;
				CLANG_ANALYZER_NUMBER_OBJECT_CONVERSION = YES_AGGRESSIVE;
				CLANG_CXX_LANGUAGE_STANDARD = "gnu++14";
				CLANG_CXX_LIBRARY = "libc++";
				CLANG_ENABLE_MODULES = YES;
				CLANG_ENABLE_OBJC_ARC = YES;
				CLANG_ENABLE_OBJC_WEAK = YES;
				CLANG_WARN_BLOCK_CAPTURE_AUTORELEASING = YES;
				CLANG_WARN_BOOL_CONVERSION = YES;
				CLANG_WARN_COMMA = YES;
				CLANG_WARN_CONSTANT_CONVERSION = YES;
				CLANG_WARN_DEPRECATED_OBJC_IMPLEMENTATIONS = YES;
				CLANG_WARN_DIRECT_OBJC_ISA_USAGE = YES_ERROR;
				CLANG_WARN_DOCUMENTATION_COMMENTS = YES;
				CLANG_WARN_EMPTY_BODY = YES;
				CLANG_WARN_ENUM_CONVERSION = YES;
				CLANG_WARN_INFINITE_RECURSION = YES;
				CLANG_WARN_INT_CONVERSION = YES;
				CLANG_WARN_NON_LITERAL_NULL_CONVERSION = YES;
				CLANG_WARN_OBJC_IMPLICIT_RETAIN_SELF = YES;
				CLANG_WARN_OBJC_LITERAL_CONVERSION = YES;
				CLANG_WARN_OBJC_ROOT_CLASS = YES_ERROR;
				CLANG_WARN_QUOTED_INCLUDE_IN_FRAMEWORK_HEADER = YES;
				CLANG_WARN_RANGE_LOOP_ANALYSIS = YES;
				CLANG_WARN_STRICT_PROTOTYPES = YES;
				CLANG_WARN_SUSPICIOUS_MOVE = YES;
				CLANG_WARN_UNGUARDED_AVAILABILITY = YES_AGGRESSIVE;
				CLANG_WARN_UNREACHABLE_CODE = YES;
				CLANG_WARN__DUPLICATE_METHOD_MATCH = YES;
				COPY_PHASE_STRIP = NO;
				DEBUG_INFORMATION_FORMAT = "dwarf-with-dsym";
				ENABLE_NS_ASSERTIONS = NO;
				ENABLE_STRICT_OBJC_MSGSEND = YES;
				GCC_C_LANGUAGE_STANDARD = gnu11;
				GCC_NO_COMMON_BLOCKS = YES;
				GCC_WARN_64_TO_32_BIT_CONVERSION = YES;
				GCC_WARN_ABOUT_RETURN_TYPE = YES_ERROR;
				GCC_WARN_UNDECLARED_SELECTOR = YES;
				GCC_WARN_UNINITIALIZED_AUTOS = YES_AGGRESSIVE;
				GCC_WARN_UNUSED_FUNCTION = YES;
				GCC_WARN_UNUSED_VARIABLE = YES;
				IPHONEOS_DEPLOYMENT_TARGET = 14.0;
				MTL_ENABLE_DEBUG_INFO = NO;
				MTL_FAST_MATH = YES;
				SDKROOT = iphoneos;
				SWIFT_COMPILATION_MODE = wholemodule;
				SWIFT_OPTIMIZATION_LEVEL = "-O";
				VALIDATE_PRODUCT = YES;
			};
			name = Release;
		};
		FE724EE725375D8000764387 /* Debug */ = {
			isa = XCBuildConfiguration;
			buildSettings = {
				ASSETCATALOG_COMPILER_APPICON_NAME = AppIcon;
				ASSETCATALOG_COMPILER_GLOBAL_ACCENT_COLOR_NAME = AccentColor;
				CODE_SIGN_STYLE = Automatic;
				DEVELOPMENT_TEAM = 33VLBB4X9W;
				INFOPLIST_FILE = "Cottage Organization Buddy/Info.plist";
				LD_RUNPATH_SEARCH_PATHS = (
					"$(inherited)",
					"@executable_path/Frameworks",
				);
				PRODUCT_BUNDLE_IDENTIFIER = "com.philipdaloia.Cottage-Organization-Buddy";
				PRODUCT_NAME = "$(TARGET_NAME)";
				SWIFT_VERSION = 5.0;
				TARGETED_DEVICE_FAMILY = "1,2";
			};
			name = Debug;
		};
		FE724EE825375D8000764387 /* Release */ = {
			isa = XCBuildConfiguration;
			buildSettings = {
				ASSETCATALOG_COMPILER_APPICON_NAME = AppIcon;
				ASSETCATALOG_COMPILER_GLOBAL_ACCENT_COLOR_NAME = AccentColor;
				CODE_SIGN_STYLE = Automatic;
				DEVELOPMENT_TEAM = 33VLBB4X9W;
				INFOPLIST_FILE = "Cottage Organization Buddy/Info.plist";
				LD_RUNPATH_SEARCH_PATHS = (
					"$(inherited)",
					"@executable_path/Frameworks",
				);
				PRODUCT_BUNDLE_IDENTIFIER = "com.philipdaloia.Cottage-Organization-Buddy";
				PRODUCT_NAME = "$(TARGET_NAME)";
				SWIFT_VERSION = 5.0;
				TARGETED_DEVICE_FAMILY = "1,2";
			};
			name = Release;
		};
/* End XCBuildConfiguration section */

/* Begin XCConfigurationList section */
		FE724ECD25375D7C00764387 /* Build configuration list for PBXProject "Cottage Organization Buddy" */ = {
			isa = XCConfigurationList;
			buildConfigurations = (
				FE724EE425375D8000764387 /* Debug */,
				FE724EE525375D8000764387 /* Release */,
			);
			defaultConfigurationIsVisible = 0;
			defaultConfigurationName = Release;
		};
		FE724EE625375D8000764387 /* Build configuration list for PBXNativeTarget "Cottage Organization Buddy" */ = {
			isa = XCConfigurationList;
			buildConfigurations = (
				FE724EE725375D8000764387 /* Debug */,
				FE724EE825375D8000764387 /* Release */,
			);
			defaultConfigurationIsVisible = 0;
			defaultConfigurationName = Release;
		};
/* End XCConfigurationList section */
	};
	rootObject = FE724ECA25375D7C00764387 /* Project object */;
}
