// !$*UTF8*$!
{
	archiveVersion = 1;
	classes = {
	};
	objectVersion = 51;
	objects = {

/* Begin PBXBuildFile section */
		5B845ED74E255734FECD287D /* Pods_Cottage_Organization_Buddy.framework in Frameworks */ = {isa = PBXBuildFile; fileRef = 414733A00BAD505C886D5A4E /* Pods_Cottage_Organization_Buddy.framework */; };
		FE034C43257DB04D00822907 /* AttendeesTableView.swift in Sources */ = {isa = PBXBuildFile; fileRef = FE034C42257DB04D00822907 /* AttendeesTableView.swift */; };
		FE034C47257DB34B00822907 /* TripInformationCollectionView.swift in Sources */ = {isa = PBXBuildFile; fileRef = FE034C46257DB34B00822907 /* TripInformationCollectionView.swift */; };
		FE034C4A257DD15C00822907 /* TripInformationCollectionViewCell.swift in Sources */ = {isa = PBXBuildFile; fileRef = FE034C49257DD15C00822907 /* TripInformationCollectionViewCell.swift */; };
		FE0C79B025EC498E00AB92ED /* RoomModel.swift in Sources */ = {isa = PBXBuildFile; fileRef = FE0C79AF25EC498E00AB92ED /* RoomModel.swift */; };
		FE0D91122638F24700B17BC8 /* AttendeesViewController.swift in Sources */ = {isa = PBXBuildFile; fileRef = FE0D91112638F24600B17BC8 /* AttendeesViewController.swift */; };
		FE12953725829CFD00043F41 /* GroceriesCollectionView.swift in Sources */ = {isa = PBXBuildFile; fileRef = FE12953625829CFD00043F41 /* GroceriesCollectionView.swift */; };
		FE148E892547C94C00DA5A16 /* RoomCollectionViewCell.swift in Sources */ = {isa = PBXBuildFile; fileRef = FE148E882547C94C00DA5A16 /* RoomCollectionViewCell.swift */; };
		FE30D2F625E88DC700ACC441 /* RoomCollectionView.swift in Sources */ = {isa = PBXBuildFile; fileRef = FE30D2F525E88DC700ACC441 /* RoomCollectionView.swift */; };
		FE318471263106FE0053457F /* AddRoomViewController.swift in Sources */ = {isa = PBXBuildFile; fileRef = FE318470263106FE0053457F /* AddRoomViewController.swift */; };
		FE318474263107300053457F /* AddRoomView.swift in Sources */ = {isa = PBXBuildFile; fileRef = FE318473263107300053457F /* AddRoomView.swift */; };
		FE32377A2636590F002C1607 /* CarPassengerPickerView.swift in Sources */ = {isa = PBXBuildFile; fileRef = FE3237792636590F002C1607 /* CarPassengerPickerView.swift */; };
		FE3DD32526399F7E001ECFC6 /* LandingPageViewController.swift in Sources */ = {isa = PBXBuildFile; fileRef = FE3DD32426399F7E001ECFC6 /* LandingPageViewController.swift */; };
		FE3DD32926399F9A001ECFC6 /* LandingPageView.swift in Sources */ = {isa = PBXBuildFile; fileRef = FE3DD32826399F9A001ECFC6 /* LandingPageView.swift */; };
		FE3DD32C2639ACE4001ECFC6 /* CottageCollectionView.swift in Sources */ = {isa = PBXBuildFile; fileRef = FE3DD32B2639ACE4001ECFC6 /* CottageCollectionView.swift */; };
		FE42A3212578826200538A99 /* DrinkListController.swift in Sources */ = {isa = PBXBuildFile; fileRef = FE42A3202578826200538A99 /* DrinkListController.swift */; };
		FE4383342583150600FE3FFB /* GroceriesCollectionViewDelegate.swift in Sources */ = {isa = PBXBuildFile; fileRef = FE4383332583150600FE3FFB /* GroceriesCollectionViewDelegate.swift */; };
		FE681D112593FE4E007B4DEC /* AddDrinkViewController.swift in Sources */ = {isa = PBXBuildFile; fileRef = FE681D102593FE4E007B4DEC /* AddDrinkViewController.swift */; };
		FE681D142593FE72007B4DEC /* AddDrinkView.swift in Sources */ = {isa = PBXBuildFile; fileRef = FE681D132593FE72007B4DEC /* AddDrinkView.swift */; };
		FE6856D12656F516006C3729 /* SideMenuTableViewCell.swift in Sources */ = {isa = PBXBuildFile; fileRef = FE6856D02656F516006C3729 /* SideMenuTableViewCell.swift */; };
		FE6856D32656FC9C006C3729 /* SideMenuOption.swift in Sources */ = {isa = PBXBuildFile; fileRef = FE6856D22656FC9C006C3729 /* SideMenuOption.swift */; };
		FE6BAA8025D2142D0054282D /* CarsCollectionView.swift in Sources */ = {isa = PBXBuildFile; fileRef = FE6BAA7F25D2142D0054282D /* CarsCollectionView.swift */; };
		FE724ED625375D7C00764387 /* AppDelegate.swift in Sources */ = {isa = PBXBuildFile; fileRef = FE724ED525375D7C00764387 /* AppDelegate.swift */; };
		FE724ED825375D7C00764387 /* SceneDelegate.swift in Sources */ = {isa = PBXBuildFile; fileRef = FE724ED725375D7C00764387 /* SceneDelegate.swift */; };
		FE724EDA25375D7D00764387 /* HomeController.swift in Sources */ = {isa = PBXBuildFile; fileRef = FE724ED925375D7D00764387 /* HomeController.swift */; };
		FE724EDF25375D8000764387 /* Assets.xcassets in Resources */ = {isa = PBXBuildFile; fileRef = FE724EDE25375D8000764387 /* Assets.xcassets */; };
		FE724EE225375D8000764387 /* LaunchScreen.storyboard in Resources */ = {isa = PBXBuildFile; fileRef = FE724EE025375D8000764387 /* LaunchScreen.storyboard */; };
		FE724EED2537D3A700764387 /* GroceryModel.swift in Sources */ = {isa = PBXBuildFile; fileRef = FE724EEC2537D3A700764387 /* GroceryModel.swift */; };
		FE724EF12537D3DF00764387 /* DrinksModel.swift in Sources */ = {isa = PBXBuildFile; fileRef = FE724EF02537D3DF00764387 /* DrinksModel.swift */; };
		FE724EF42537D3EE00764387 /* CarModel.swift in Sources */ = {isa = PBXBuildFile; fileRef = FE724EF32537D3EE00764387 /* CarModel.swift */; };
		FE724EF72537D40200764387 /* BedModel.swift in Sources */ = {isa = PBXBuildFile; fileRef = FE724EF62537D40200764387 /* BedModel.swift */; };
		FE724EFA2537DEEA00764387 /* CottageTrip.swift in Sources */ = {isa = PBXBuildFile; fileRef = FE724EF92537DEEA00764387 /* CottageTrip.swift */; };
		FE724F0D253A081C00764387 /* CottageTabsController.swift in Sources */ = {isa = PBXBuildFile; fileRef = FE724F0C253A081C00764387 /* CottageTabsController.swift */; };
		FE724F10253CF06C00764387 /* GroceriesController.swift in Sources */ = {isa = PBXBuildFile; fileRef = FE724F0F253CF06C00764387 /* GroceriesController.swift */; };
		FE724F13253CF08200764387 /* CarsController.swift in Sources */ = {isa = PBXBuildFile; fileRef = FE724F12253CF08200764387 /* CarsController.swift */; };
		FE724F16253CF09B00764387 /* BedsController.swift in Sources */ = {isa = PBXBuildFile; fileRef = FE724F15253CF09B00764387 /* BedsController.swift */; };
		FE724F19253CF0AB00764387 /* DrinksController.swift in Sources */ = {isa = PBXBuildFile; fileRef = FE724F18253CF0AB00764387 /* DrinksController.swift */; };
		FE724F28253E773F00764387 /* AttendeeModel.swift in Sources */ = {isa = PBXBuildFile; fileRef = FE724F27253E773F00764387 /* AttendeeModel.swift */; };
		FE724F30253E7A4E00764387 /* TripInformationController.swift in Sources */ = {isa = PBXBuildFile; fileRef = FE724F2F253E7A4E00764387 /* TripInformationController.swift */; };
		FE724F38253E89E000764387 /* TabBarItemControllerProtocol.swift in Sources */ = {isa = PBXBuildFile; fileRef = FE724F37253E89E000764387 /* TabBarItemControllerProtocol.swift */; };
		FE724F3D253E8A6D00764387 /* CottageModelProtocol.swift in Sources */ = {isa = PBXBuildFile; fileRef = FE724F3C253E8A6D00764387 /* CottageModelProtocol.swift */; };
		FE724F4125431F2000764387 /* CarCollectionViewCell.swift in Sources */ = {isa = PBXBuildFile; fileRef = FE724F4025431F1F00764387 /* CarCollectionViewCell.swift */; };
		FE724F452543E97C00764387 /* CarInformationView.swift in Sources */ = {isa = PBXBuildFile; fileRef = FE724F442543E97B00764387 /* CarInformationView.swift */; };
		FE80B5BC2648A59800B093B4 /* InviteUsersViewController.swift in Sources */ = {isa = PBXBuildFile; fileRef = FE80B5BB2648A59800B093B4 /* InviteUsersViewController.swift */; };
		FE82990C2658324E00404443 /* SideMenuButtonDelegate.swift in Sources */ = {isa = PBXBuildFile; fileRef = FE82990B2658324E00404443 /* SideMenuButtonDelegate.swift */; };
		FE82990E2658426F00404443 /* LandingPageContainerViewController.swift in Sources */ = {isa = PBXBuildFile; fileRef = FE82990D2658426F00404443 /* LandingPageContainerViewController.swift */; };
		FE82991126598ABE00404443 /* SignOutProtocol.swift in Sources */ = {isa = PBXBuildFile; fileRef = FE82991026598ABD00404443 /* SignOutProtocol.swift */; };
		FE909897258ABB38002E00FB /* AddGroceryViewController.swift in Sources */ = {isa = PBXBuildFile; fileRef = FE909896258ABB38002E00FB /* AddGroceryViewController.swift */; };
		FE90989A258ABB4D002E00FB /* AddGroceryView.swift in Sources */ = {isa = PBXBuildFile; fileRef = FE909899258ABB4D002E00FB /* AddGroceryView.swift */; };
		FE945265263B09E5003EB5AE /* NewCottageCollectionViewCell.swift in Sources */ = {isa = PBXBuildFile; fileRef = FE945264263B09E5003EB5AE /* NewCottageCollectionViewCell.swift */; };
		FE945268263B09F2003EB5AE /* CottageCollectionViewCell.swift in Sources */ = {isa = PBXBuildFile; fileRef = FE945267263B09F2003EB5AE /* CottageCollectionViewCell.swift */; };
		FE94526C263F886B003EB5AE /* CottageInfo.swift in Sources */ = {isa = PBXBuildFile; fileRef = FE94526B263F886B003EB5AE /* CottageInfo.swift */; };
		FE959BDE259290870087A046 /* ToastMessageDisplayer.swift in Sources */ = {isa = PBXBuildFile; fileRef = FE959BDD259290870087A046 /* ToastMessageDisplayer.swift */; };
		FE99504826725BDF00A050EE /* Colors.xcassets in Resources */ = {isa = PBXBuildFile; fileRef = FE99504726725BDF00A050EE /* Colors.xcassets */; };
		FE9950492673E4BC00A050EE /* InviteUsersView.swift in Sources */ = {isa = PBXBuildFile; fileRef = FE80B5BD2648A5B300B093B4 /* InviteUsersView.swift */; };
		FEABB59825953F8100D60A66 /* AddCarViewController.swift in Sources */ = {isa = PBXBuildFile; fileRef = FEABB59725953F8100D60A66 /* AddCarViewController.swift */; };
		FEABB59B25953F9700D60A66 /* AddCarView.swift in Sources */ = {isa = PBXBuildFile; fileRef = FEABB59A25953F9700D60A66 /* AddCarView.swift */; };
		FEAC9744254BB4EA007B83B1 /* DrinksCollectionViewCell.swift in Sources */ = {isa = PBXBuildFile; fileRef = FEAC9743254BB4EA007B83B1 /* DrinksCollectionViewCell.swift */; };
		FEAC9747254BB8C7007B83B1 /* GroceriesCollectionViewCell.swift in Sources */ = {isa = PBXBuildFile; fileRef = FEAC9746254BB8C7007B83B1 /* GroceriesCollectionViewCell.swift */; };
		FEB727C12641CA1D0093061B /* CreateCottageViewController.swift in Sources */ = {isa = PBXBuildFile; fileRef = FEB727C02641CA1D0093061B /* CreateCottageViewController.swift */; };
		FEB727C52641CC200093061B /* CreateCottageView.swift in Sources */ = {isa = PBXBuildFile; fileRef = FEB727C42641CC200093061B /* CreateCottageView.swift */; };
		FEB7F0DE25F07F3B00CAACB1 /* GoogleService-Info.plist in Resources */ = {isa = PBXBuildFile; fileRef = FEB7F0DD25F07F3B00CAACB1 /* GoogleService-Info.plist */; };
		FEBC424E25FEDEFD00C35FE1 /* FirestoreServices.swift in Sources */ = {isa = PBXBuildFile; fileRef = FEBC424D25FEDEFD00C35FE1 /* FirestoreServices.swift */; };
		FEBD42B02585A927002D81A6 /* DrinksCollectionView.swift in Sources */ = {isa = PBXBuildFile; fileRef = FEBD42AF2585A927002D81A6 /* DrinksCollectionView.swift */; };
		FEBD42B52585B107002D81A6 /* DrinksCollectionViewDelegate.swift in Sources */ = {isa = PBXBuildFile; fileRef = FEBD42B42585B107002D81A6 /* DrinksCollectionViewDelegate.swift */; };
		FEC156142577299E004FB37E /* GroceryListController.swift in Sources */ = {isa = PBXBuildFile; fileRef = FEC156132577299E004FB37E /* GroceryListController.swift */; };
		FEDB6E3B264B1D5100392C2E /* CottageInviteInboxViewController.swift in Sources */ = {isa = PBXBuildFile; fileRef = FEDB6E3A264B1D5100392C2E /* CottageInviteInboxViewController.swift */; };
		FEDB6E3D264B1D6B00392C2E /* CottageInviteInboxView.swift in Sources */ = {isa = PBXBuildFile; fileRef = FEDB6E3C264B1D6B00392C2E /* CottageInviteInboxView.swift */; };
		FEDB6E3F264B54AE00392C2E /* InvitedCottagesCollectionView.swift in Sources */ = {isa = PBXBuildFile; fileRef = FEDB6E3E264B54AE00392C2E /* InvitedCottagesCollectionView.swift */; };
		FEDCC4E526557D3A00C5FADB /* CottageContainerViewController.swift in Sources */ = {isa = PBXBuildFile; fileRef = FEDCC4E426557D3A00C5FADB /* CottageContainerViewController.swift */; };
		FEDCC4E726557DE900C5FADB /* SideMenuViewController.swift in Sources */ = {isa = PBXBuildFile; fileRef = FEDCC4E626557DE900C5FADB /* SideMenuViewController.swift */; };
		FEDCEEE0259A747400C7AAB1 /* UserService.swift in Sources */ = {isa = PBXBuildFile; fileRef = FEDCEEDF259A747300C7AAB1 /* UserService.swift */; };
		FEEA1DD225C738250050E6FA /* RequestProtocol.swift in Sources */ = {isa = PBXBuildFile; fileRef = FEEA1DD125C738250050E6FA /* RequestProtocol.swift */; };
		FEEA1DD625C752760050E6FA /* BedRequest.swift in Sources */ = {isa = PBXBuildFile; fileRef = FEEA1DD525C752760050E6FA /* BedRequest.swift */; };
		FEEA1DD925C7531F0050E6FA /* CarRequest.swift in Sources */ = {isa = PBXBuildFile; fileRef = FEEA1DD825C7531F0050E6FA /* CarRequest.swift */; };
		FEEA1DE125C7685C0050E6FA /* RequestInboxViewController.swift in Sources */ = {isa = PBXBuildFile; fileRef = FEEA1DE025C7685C0050E6FA /* RequestInboxViewController.swift */; };
		FEEA1DE625C76B2C0050E6FA /* RequestCell.swift in Sources */ = {isa = PBXBuildFile; fileRef = FEEA1DE525C76B2C0050E6FA /* RequestCell.swift */; };
		FEEA1DE925C76DF60050E6FA /* RequestCollectionView.swift in Sources */ = {isa = PBXBuildFile; fileRef = FEEA1DE825C76DF60050E6FA /* RequestCollectionView.swift */; };
		FEFC9480265FF1D700CED366 /* GroceryListTableViewCell.swift in Sources */ = {isa = PBXBuildFile; fileRef = FEFC947F265FF1D700CED366 /* GroceryListTableViewCell.swift */; };
/* End PBXBuildFile section */

/* Begin PBXFileReference section */
		05632C5855D6080366031E51 /* Pods-Cottage Organization Buddy.release.xcconfig */ = {isa = PBXFileReference; includeInIndex = 1; lastKnownFileType = text.xcconfig; name = "Pods-Cottage Organization Buddy.release.xcconfig"; path = "Target Support Files/Pods-Cottage Organization Buddy/Pods-Cottage Organization Buddy.release.xcconfig"; sourceTree = "<group>"; };
		414733A00BAD505C886D5A4E /* Pods_Cottage_Organization_Buddy.framework */ = {isa = PBXFileReference; explicitFileType = wrapper.framework; includeInIndex = 0; path = Pods_Cottage_Organization_Buddy.framework; sourceTree = BUILT_PRODUCTS_DIR; };
		A02D09AE9600F819FA10CD75 /* Pods-Cottage Organization Buddy.debug.xcconfig */ = {isa = PBXFileReference; includeInIndex = 1; lastKnownFileType = text.xcconfig; name = "Pods-Cottage Organization Buddy.debug.xcconfig"; path = "Target Support Files/Pods-Cottage Organization Buddy/Pods-Cottage Organization Buddy.debug.xcconfig"; sourceTree = "<group>"; };
		FE034C42257DB04D00822907 /* AttendeesTableView.swift */ = {isa = PBXFileReference; lastKnownFileType = sourcecode.swift; path = AttendeesTableView.swift; sourceTree = "<group>"; };
		FE034C46257DB34B00822907 /* TripInformationCollectionView.swift */ = {isa = PBXFileReference; lastKnownFileType = sourcecode.swift; path = TripInformationCollectionView.swift; sourceTree = "<group>"; };
		FE034C49257DD15C00822907 /* TripInformationCollectionViewCell.swift */ = {isa = PBXFileReference; lastKnownFileType = sourcecode.swift; path = TripInformationCollectionViewCell.swift; sourceTree = "<group>"; };
		FE0C79AF25EC498E00AB92ED /* RoomModel.swift */ = {isa = PBXFileReference; lastKnownFileType = sourcecode.swift; path = RoomModel.swift; sourceTree = "<group>"; };
		FE0D91112638F24600B17BC8 /* AttendeesViewController.swift */ = {isa = PBXFileReference; lastKnownFileType = sourcecode.swift; path = AttendeesViewController.swift; sourceTree = "<group>"; };
		FE12953625829CFD00043F41 /* GroceriesCollectionView.swift */ = {isa = PBXFileReference; lastKnownFileType = sourcecode.swift; path = GroceriesCollectionView.swift; sourceTree = "<group>"; };
		FE148E882547C94C00DA5A16 /* RoomCollectionViewCell.swift */ = {isa = PBXFileReference; lastKnownFileType = sourcecode.swift; path = RoomCollectionViewCell.swift; sourceTree = "<group>"; };
		FE30D2F525E88DC700ACC441 /* RoomCollectionView.swift */ = {isa = PBXFileReference; lastKnownFileType = sourcecode.swift; path = RoomCollectionView.swift; sourceTree = "<group>"; };
		FE318470263106FE0053457F /* AddRoomViewController.swift */ = {isa = PBXFileReference; lastKnownFileType = sourcecode.swift; path = AddRoomViewController.swift; sourceTree = "<group>"; };
		FE318473263107300053457F /* AddRoomView.swift */ = {isa = PBXFileReference; lastKnownFileType = sourcecode.swift; path = AddRoomView.swift; sourceTree = "<group>"; };
		FE3237792636590F002C1607 /* CarPassengerPickerView.swift */ = {isa = PBXFileReference; lastKnownFileType = sourcecode.swift; path = CarPassengerPickerView.swift; sourceTree = "<group>"; };
		FE3DD32426399F7E001ECFC6 /* LandingPageViewController.swift */ = {isa = PBXFileReference; lastKnownFileType = sourcecode.swift; path = LandingPageViewController.swift; sourceTree = "<group>"; };
		FE3DD32826399F9A001ECFC6 /* LandingPageView.swift */ = {isa = PBXFileReference; lastKnownFileType = sourcecode.swift; path = LandingPageView.swift; sourceTree = "<group>"; };
		FE3DD32B2639ACE4001ECFC6 /* CottageCollectionView.swift */ = {isa = PBXFileReference; lastKnownFileType = sourcecode.swift; path = CottageCollectionView.swift; sourceTree = "<group>"; };
		FE42A3202578826200538A99 /* DrinkListController.swift */ = {isa = PBXFileReference; lastKnownFileType = sourcecode.swift; path = DrinkListController.swift; sourceTree = "<group>"; };
		FE4383332583150600FE3FFB /* GroceriesCollectionViewDelegate.swift */ = {isa = PBXFileReference; lastKnownFileType = sourcecode.swift; path = GroceriesCollectionViewDelegate.swift; sourceTree = "<group>"; };
		FE681D102593FE4E007B4DEC /* AddDrinkViewController.swift */ = {isa = PBXFileReference; lastKnownFileType = sourcecode.swift; path = AddDrinkViewController.swift; sourceTree = "<group>"; };
		FE681D132593FE72007B4DEC /* AddDrinkView.swift */ = {isa = PBXFileReference; lastKnownFileType = sourcecode.swift; path = AddDrinkView.swift; sourceTree = "<group>"; };
		FE6856D02656F516006C3729 /* SideMenuTableViewCell.swift */ = {isa = PBXFileReference; lastKnownFileType = sourcecode.swift; path = "Side\U0010MenuTableViewCell.swift"; sourceTree = "<group>"; };
		FE6856D22656FC9C006C3729 /* SideMenuOption.swift */ = {isa = PBXFileReference; lastKnownFileType = sourcecode.swift; path = SideMenuOption.swift; sourceTree = "<group>"; };
		FE6BAA7F25D2142D0054282D /* CarsCollectionView.swift */ = {isa = PBXFileReference; lastKnownFileType = sourcecode.swift; path = CarsCollectionView.swift; sourceTree = "<group>"; };
		FE724ED225375D7C00764387 /* Cottage Organization Buddy.app */ = {isa = PBXFileReference; explicitFileType = wrapper.application; includeInIndex = 0; path = "Cottage Organization Buddy.app"; sourceTree = BUILT_PRODUCTS_DIR; };
		FE724ED525375D7C00764387 /* AppDelegate.swift */ = {isa = PBXFileReference; lastKnownFileType = sourcecode.swift; path = AppDelegate.swift; sourceTree = "<group>"; };
		FE724ED725375D7C00764387 /* SceneDelegate.swift */ = {isa = PBXFileReference; lastKnownFileType = sourcecode.swift; path = SceneDelegate.swift; sourceTree = "<group>"; };
		FE724ED925375D7D00764387 /* HomeController.swift */ = {isa = PBXFileReference; lastKnownFileType = sourcecode.swift; path = HomeController.swift; sourceTree = "<group>"; };
		FE724EDE25375D8000764387 /* Assets.xcassets */ = {isa = PBXFileReference; lastKnownFileType = folder.assetcatalog; path = Assets.xcassets; sourceTree = "<group>"; };
		FE724EE125375D8000764387 /* Base */ = {isa = PBXFileReference; lastKnownFileType = file.storyboard; name = Base; path = Base.lproj/LaunchScreen.storyboard; sourceTree = "<group>"; };
		FE724EE325375D8000764387 /* Info.plist */ = {isa = PBXFileReference; lastKnownFileType = text.plist.xml; path = Info.plist; sourceTree = "<group>"; };
		FE724EEC2537D3A700764387 /* GroceryModel.swift */ = {isa = PBXFileReference; lastKnownFileType = sourcecode.swift; path = GroceryModel.swift; sourceTree = "<group>"; };
		FE724EF02537D3DF00764387 /* DrinksModel.swift */ = {isa = PBXFileReference; lastKnownFileType = sourcecode.swift; path = DrinksModel.swift; sourceTree = "<group>"; };
		FE724EF32537D3EE00764387 /* CarModel.swift */ = {isa = PBXFileReference; lastKnownFileType = sourcecode.swift; path = CarModel.swift; sourceTree = "<group>"; };
		FE724EF62537D40200764387 /* BedModel.swift */ = {isa = PBXFileReference; lastKnownFileType = sourcecode.swift; path = BedModel.swift; sourceTree = "<group>"; };
		FE724EF92537DEEA00764387 /* CottageTrip.swift */ = {isa = PBXFileReference; lastKnownFileType = sourcecode.swift; path = CottageTrip.swift; sourceTree = "<group>"; };
		FE724F0C253A081C00764387 /* CottageTabsController.swift */ = {isa = PBXFileReference; lastKnownFileType = sourcecode.swift; path = CottageTabsController.swift; sourceTree = "<group>"; };
		FE724F0F253CF06C00764387 /* GroceriesController.swift */ = {isa = PBXFileReference; lastKnownFileType = sourcecode.swift; path = GroceriesController.swift; sourceTree = "<group>"; };
		FE724F12253CF08200764387 /* CarsController.swift */ = {isa = PBXFileReference; lastKnownFileType = sourcecode.swift; path = CarsController.swift; sourceTree = "<group>"; };
		FE724F15253CF09B00764387 /* BedsController.swift */ = {isa = PBXFileReference; lastKnownFileType = sourcecode.swift; path = BedsController.swift; sourceTree = "<group>"; };
		FE724F18253CF0AB00764387 /* DrinksController.swift */ = {isa = PBXFileReference; lastKnownFileType = sourcecode.swift; path = DrinksController.swift; sourceTree = "<group>"; };
		FE724F27253E773F00764387 /* AttendeeModel.swift */ = {isa = PBXFileReference; lastKnownFileType = sourcecode.swift; path = AttendeeModel.swift; sourceTree = "<group>"; };
		FE724F2F253E7A4E00764387 /* TripInformationController.swift */ = {isa = PBXFileReference; lastKnownFileType = sourcecode.swift; path = TripInformationController.swift; sourceTree = "<group>"; };
		FE724F37253E89E000764387 /* TabBarItemControllerProtocol.swift */ = {isa = PBXFileReference; lastKnownFileType = sourcecode.swift; path = TabBarItemControllerProtocol.swift; sourceTree = "<group>"; };
		FE724F3C253E8A6D00764387 /* CottageModelProtocol.swift */ = {isa = PBXFileReference; lastKnownFileType = sourcecode.swift; path = CottageModelProtocol.swift; sourceTree = "<group>"; };
		FE724F4025431F1F00764387 /* CarCollectionViewCell.swift */ = {isa = PBXFileReference; lastKnownFileType = sourcecode.swift; path = CarCollectionViewCell.swift; sourceTree = "<group>"; };
		FE724F442543E97B00764387 /* CarInformationView.swift */ = {isa = PBXFileReference; lastKnownFileType = sourcecode.swift; path = CarInformationView.swift; sourceTree = "<group>"; };
		FE80B5BB2648A59800B093B4 /* InviteUsersViewController.swift */ = {isa = PBXFileReference; lastKnownFileType = sourcecode.swift; path = "\U0010InviteUsersViewController.swift"; sourceTree = "<group>"; };
		FE80B5BD2648A5B300B093B4 /* InviteUsersView.swift */ = {isa = PBXFileReference; lastKnownFileType = sourcecode.swift; path = InviteUsersView.swift; sourceTree = "<group>"; };
		FE82990B2658324E00404443 /* SideMenuButtonDelegate.swift */ = {isa = PBXFileReference; lastKnownFileType = sourcecode.swift; path = SideMenuButtonDelegate.swift; sourceTree = "<group>"; };
		FE82990D2658426F00404443 /* LandingPageContainerViewController.swift */ = {isa = PBXFileReference; lastKnownFileType = sourcecode.swift; path = LandingPageContainerViewController.swift; sourceTree = "<group>"; };
		FE82991026598ABD00404443 /* SignOutProtocol.swift */ = {isa = PBXFileReference; lastKnownFileType = sourcecode.swift; path = SignOutProtocol.swift; sourceTree = "<group>"; };
		FE909896258ABB38002E00FB /* AddGroceryViewController.swift */ = {isa = PBXFileReference; lastKnownFileType = sourcecode.swift; path = AddGroceryViewController.swift; sourceTree = "<group>"; };
		FE909899258ABB4D002E00FB /* AddGroceryView.swift */ = {isa = PBXFileReference; lastKnownFileType = sourcecode.swift; path = AddGroceryView.swift; sourceTree = "<group>"; };
		FE945264263B09E5003EB5AE /* NewCottageCollectionViewCell.swift */ = {isa = PBXFileReference; lastKnownFileType = sourcecode.swift; path = NewCottageCollectionViewCell.swift; sourceTree = "<group>"; };
		FE945267263B09F2003EB5AE /* CottageCollectionViewCell.swift */ = {isa = PBXFileReference; lastKnownFileType = sourcecode.swift; path = CottageCollectionViewCell.swift; sourceTree = "<group>"; };
		FE94526B263F886B003EB5AE /* CottageInfo.swift */ = {isa = PBXFileReference; lastKnownFileType = sourcecode.swift; path = CottageInfo.swift; sourceTree = "<group>"; };
		FE959BDD259290870087A046 /* ToastMessageDisplayer.swift */ = {isa = PBXFileReference; lastKnownFileType = sourcecode.swift; path = ToastMessageDisplayer.swift; sourceTree = "<group>"; };
		FE99504726725BDF00A050EE /* Colors.xcassets */ = {isa = PBXFileReference; lastKnownFileType = folder.assetcatalog; path = Colors.xcassets; sourceTree = "<group>"; };
		FEABB59725953F8100D60A66 /* AddCarViewController.swift */ = {isa = PBXFileReference; lastKnownFileType = sourcecode.swift; path = AddCarViewController.swift; sourceTree = "<group>"; };
		FEABB59A25953F9700D60A66 /* AddCarView.swift */ = {isa = PBXFileReference; lastKnownFileType = sourcecode.swift; path = AddCarView.swift; sourceTree = "<group>"; };
		FEAC9743254BB4EA007B83B1 /* DrinksCollectionViewCell.swift */ = {isa = PBXFileReference; lastKnownFileType = sourcecode.swift; path = DrinksCollectionViewCell.swift; sourceTree = "<group>"; };
		FEAC9746254BB8C7007B83B1 /* GroceriesCollectionViewCell.swift */ = {isa = PBXFileReference; lastKnownFileType = sourcecode.swift; path = GroceriesCollectionViewCell.swift; sourceTree = "<group>"; };
		FEB727C02641CA1D0093061B /* CreateCottageViewController.swift */ = {isa = PBXFileReference; lastKnownFileType = sourcecode.swift; path = CreateCottageViewController.swift; sourceTree = "<group>"; };
		FEB727C42641CC200093061B /* CreateCottageView.swift */ = {isa = PBXFileReference; lastKnownFileType = sourcecode.swift; path = CreateCottageView.swift; sourceTree = "<group>"; };
		FEB7F0DD25F07F3B00CAACB1 /* GoogleService-Info.plist */ = {isa = PBXFileReference; fileEncoding = 4; lastKnownFileType = text.plist.xml; name = "GoogleService-Info.plist"; path = "../../../../Downloads/GoogleService-Info.plist"; sourceTree = "<group>"; };
		FEBC424D25FEDEFD00C35FE1 /* FirestoreServices.swift */ = {isa = PBXFileReference; lastKnownFileType = sourcecode.swift; path = FirestoreServices.swift; sourceTree = "<group>"; };
		FEBD42AF2585A927002D81A6 /* DrinksCollectionView.swift */ = {isa = PBXFileReference; lastKnownFileType = sourcecode.swift; path = DrinksCollectionView.swift; sourceTree = "<group>"; };
		FEBD42B42585B107002D81A6 /* DrinksCollectionViewDelegate.swift */ = {isa = PBXFileReference; lastKnownFileType = sourcecode.swift; path = DrinksCollectionViewDelegate.swift; sourceTree = "<group>"; };
		FEC156132577299E004FB37E /* GroceryListController.swift */ = {isa = PBXFileReference; lastKnownFileType = sourcecode.swift; path = GroceryListController.swift; sourceTree = "<group>"; };
		FEDB6E3A264B1D5100392C2E /* CottageInviteInboxViewController.swift */ = {isa = PBXFileReference; lastKnownFileType = sourcecode.swift; path = CottageInviteInboxViewController.swift; sourceTree = "<group>"; };
		FEDB6E3C264B1D6B00392C2E /* CottageInviteInboxView.swift */ = {isa = PBXFileReference; lastKnownFileType = sourcecode.swift; path = CottageInviteInboxView.swift; sourceTree = "<group>"; };
		FEDB6E3E264B54AE00392C2E /* InvitedCottagesCollectionView.swift */ = {isa = PBXFileReference; lastKnownFileType = sourcecode.swift; path = InvitedCottagesCollectionView.swift; sourceTree = "<group>"; };
		FEDCC4E426557D3A00C5FADB /* CottageContainerViewController.swift */ = {isa = PBXFileReference; lastKnownFileType = sourcecode.swift; path = CottageContainerViewController.swift; sourceTree = "<group>"; };
		FEDCC4E626557DE900C5FADB /* SideMenuViewController.swift */ = {isa = PBXFileReference; lastKnownFileType = sourcecode.swift; path = SideMenuViewController.swift; sourceTree = "<group>"; };
		FEDCEEDF259A747300C7AAB1 /* UserService.swift */ = {isa = PBXFileReference; lastKnownFileType = sourcecode.swift; path = UserService.swift; sourceTree = "<group>"; };
		FEEA1DD125C738250050E6FA /* RequestProtocol.swift */ = {isa = PBXFileReference; lastKnownFileType = sourcecode.swift; path = RequestProtocol.swift; sourceTree = "<group>"; };
		FEEA1DD525C752760050E6FA /* BedRequest.swift */ = {isa = PBXFileReference; lastKnownFileType = sourcecode.swift; path = BedRequest.swift; sourceTree = "<group>"; };
		FEEA1DD825C7531F0050E6FA /* CarRequest.swift */ = {isa = PBXFileReference; lastKnownFileType = sourcecode.swift; path = CarRequest.swift; sourceTree = "<group>"; };
		FEEA1DE025C7685C0050E6FA /* RequestInboxViewController.swift */ = {isa = PBXFileReference; lastKnownFileType = sourcecode.swift; path = RequestInboxViewController.swift; sourceTree = "<group>"; };
		FEEA1DE525C76B2C0050E6FA /* RequestCell.swift */ = {isa = PBXFileReference; lastKnownFileType = sourcecode.swift; path = RequestCell.swift; sourceTree = "<group>"; };
		FEEA1DE825C76DF60050E6FA /* RequestCollectionView.swift */ = {isa = PBXFileReference; lastKnownFileType = sourcecode.swift; path = RequestCollectionView.swift; sourceTree = "<group>"; };
		FEFC947F265FF1D700CED366 /* GroceryListTableViewCell.swift */ = {isa = PBXFileReference; lastKnownFileType = sourcecode.swift; path = GroceryListTableViewCell.swift; sourceTree = "<group>"; };
/* End PBXFileReference section */

/* Begin PBXFrameworksBuildPhase section */
		FE724ECF25375D7C00764387 /* Frameworks */ = {
			isa = PBXFrameworksBuildPhase;
			buildActionMask = 2147483647;
			files = (
				5B845ED74E255734FECD287D /* Pods_Cottage_Organization_Buddy.framework in Frameworks */,
			);
			runOnlyForDeploymentPostprocessing = 0;
		};
/* End PBXFrameworksBuildPhase section */

/* Begin PBXGroup section */
		0B44182B832D47DF63BF697D /* Frameworks */ = {
			isa = PBXGroup;
			children = (
				414733A00BAD505C886D5A4E /* Pods_Cottage_Organization_Buddy.framework */,
			);
			name = Frameworks;
			sourceTree = "<group>";
		};
		88BAFE7E373B9A7E1286D4BC /* Pods */ = {
			isa = PBXGroup;
			children = (
				A02D09AE9600F819FA10CD75 /* Pods-Cottage Organization Buddy.debug.xcconfig */,
				05632C5855D6080366031E51 /* Pods-Cottage Organization Buddy.release.xcconfig */,
			);
			path = Pods;
			sourceTree = "<group>";
		};
		FE3DD32226399F57001ECFC6 /* Landing Page Controllers */ = {
			isa = PBXGroup;
			children = (
				FE3DD32426399F7E001ECFC6 /* LandingPageViewController.swift */,
				FEDB6E3A264B1D5100392C2E /* CottageInviteInboxViewController.swift */,
				FE82990D2658426F00404443 /* LandingPageContainerViewController.swift */,
			);
			path = "Landing Page Controllers";
			sourceTree = "<group>";
		};
		FE3DD32326399F64001ECFC6 /* Landing Page Views */ = {
			isa = PBXGroup;
			children = (
				FE3DD32826399F9A001ECFC6 /* LandingPageView.swift */,
				FE3DD32B2639ACE4001ECFC6 /* CottageCollectionView.swift */,
				FE945264263B09E5003EB5AE /* NewCottageCollectionViewCell.swift */,
				FE945267263B09F2003EB5AE /* CottageCollectionViewCell.swift */,
				FEDB6E3C264B1D6B00392C2E /* CottageInviteInboxView.swift */,
				FEDB6E3E264B54AE00392C2E /* InvitedCottagesCollectionView.swift */,
			);
			path = "Landing Page Views";
			sourceTree = "<group>";
		};
		FE6856CF2656F4F4006C3729 /* Side Menu Views */ = {
			isa = PBXGroup;
			children = (
				FE6856D02656F516006C3729 /* SideMenuTableViewCell.swift */,
			);
			path = "Side Menu Views";
			sourceTree = "<group>";
		};
		FE724EC925375D7C00764387 = {
			isa = PBXGroup;
			children = (
				FE724ED425375D7C00764387 /* Cottage Organization Buddy */,
				FE724ED325375D7C00764387 /* Products */,
				88BAFE7E373B9A7E1286D4BC /* Pods */,
				0B44182B832D47DF63BF697D /* Frameworks */,
			);
			sourceTree = "<group>";
		};
		FE724ED325375D7C00764387 /* Products */ = {
			isa = PBXGroup;
			children = (
				FE724ED225375D7C00764387 /* Cottage Organization Buddy.app */,
			);
			name = Products;
			sourceTree = "<group>";
		};
		FE724ED425375D7C00764387 /* Cottage Organization Buddy */ = {
			isa = PBXGroup;
			children = (
				FEEA1DDE25C7683D0050E6FA /* Reusable Components */,
				FE724F32253E80CD00764387 /* Helpers */,
				FE724F0225394B6500764387 /* Controllers */,
				FE724F0125394B3A00764387 /* Views */,
				FE724EEB2537D37B00764387 /* Models */,
				FE724ED525375D7C00764387 /* AppDelegate.swift */,
				FE724ED725375D7C00764387 /* SceneDelegate.swift */,
				FE724EDE25375D8000764387 /* Assets.xcassets */,
				FE99504726725BDF00A050EE /* Colors.xcassets */,
				FE724EE025375D8000764387 /* LaunchScreen.storyboard */,
				FE724EE325375D8000764387 /* Info.plist */,
				FEB7F0DD25F07F3B00CAACB1 /* GoogleService-Info.plist */,
			);
			path = "Cottage Organization Buddy";
			sourceTree = "<group>";
		};
		FE724EEB2537D37B00764387 /* Models */ = {
			isa = PBXGroup;
			children = (
				FE82990F26598A9A00404443 /* Firebase Protocols */,
				FE94526A263F884C003EB5AE /* DTOs */,
				FEEA1DD025C737FB0050E6FA /* Request Models */,
				FE724F3B253E8A5A00764387 /* Model Protocols */,
				FE724EF62537D40200764387 /* BedModel.swift */,
				FE724EF32537D3EE00764387 /* CarModel.swift */,
				FE724EF92537DEEA00764387 /* CottageTrip.swift */,
				FE724EF02537D3DF00764387 /* DrinksModel.swift */,
				FE724EEC2537D3A700764387 /* GroceryModel.swift */,
				FE724F27253E773F00764387 /* AttendeeModel.swift */,
				FE0C79AF25EC498E00AB92ED /* RoomModel.swift */,
				FE6856D22656FC9C006C3729 /* SideMenuOption.swift */,
			);
			path = Models;
			sourceTree = "<group>";
		};
		FE724F0125394B3A00764387 /* Views */ = {
			isa = PBXGroup;
			children = (
				FE6856CF2656F4F4006C3729 /* Side Menu Views */,
				FE80B5BA2648A56D00B093B4 /* Invite Users Views */,
				FEB727C32641CA230093061B /* Create Cottage Views */,
				FE3DD32326399F64001ECFC6 /* Landing Page Views */,
				FEE82BAC2579E0DB00058A5A /* Trip Information Tab Views */,
				FEE82BAB2579E0D300058A5A /* Drinks Tab Views */,
				FEE82BAA2579E0C700058A5A /* Beds Tab Views */,
				FEE82BA82579E0A200058A5A /* Groceries Tab Views */,
				FEE82BA72579E09100058A5A /* Cars Tab Views */,
				FE724F3F25431ED600764387 /* Custom Cell Objects */,
			);
			path = Views;
			sourceTree = "<group>";
		};
		FE724F0225394B6500764387 /* Controllers */ = {
			isa = PBXGroup;
			children = (
				FE82990A26582F0600404443 /* Side Menu Controllers */,
				FEDCC4E326557C9300C5FADB /* Cottage Controllers */,
				FE80B5B92648A55500B093B4 /* Invite Users Controllers */,
				FEB727BF2641C9490093061B /* Create Cottage Controllers */,
				FE3DD32226399F57001ECFC6 /* Landing Page Controllers */,
				FEE82BA62579E06300058A5A /* Trip Information Tab Controllers */,
				FEE82BA52579E05300058A5A /* Beds Tab Controllers */,
				FEE82BA42579E04300058A5A /* Cars Tab Controllers */,
				FEE82BA32579E02E00058A5A /* Drinks Tab Controllers */,
				FEE82BA22579DFFE00058A5A /* Groceries Tab Controllers */,
				FE724F36253E899B00764387 /* Controller Protocols */,
				FE724ED925375D7D00764387 /* HomeController.swift */,
			);
			path = Controllers;
			sourceTree = "<group>";
		};
		FE724F32253E80CD00764387 /* Helpers */ = {
			isa = PBXGroup;
			children = (
				FE959BDD259290870087A046 /* ToastMessageDisplayer.swift */,
				FEDCEEDF259A747300C7AAB1 /* UserService.swift */,
				FEBC424D25FEDEFD00C35FE1 /* FirestoreServices.swift */,
			);
			path = Helpers;
			sourceTree = "<group>";
		};
		FE724F36253E899B00764387 /* Controller Protocols */ = {
			isa = PBXGroup;
			children = (
				FE724F37253E89E000764387 /* TabBarItemControllerProtocol.swift */,
			);
			path = "Controller Protocols";
			sourceTree = "<group>";
		};
		FE724F3B253E8A5A00764387 /* Model Protocols */ = {
			isa = PBXGroup;
			children = (
				FE724F3C253E8A6D00764387 /* CottageModelProtocol.swift */,
				FEEA1DD125C738250050E6FA /* RequestProtocol.swift */,
			);
			path = "Model Protocols";
			sourceTree = "<group>";
		};
		FE724F3F25431ED600764387 /* Custom Cell Objects */ = {
			isa = PBXGroup;
			children = (
			);
			path = "Custom Cell Objects";
			sourceTree = "<group>";
		};
		FE80B5B92648A55500B093B4 /* Invite Users Controllers */ = {
			isa = PBXGroup;
			children = (
				FE80B5BB2648A59800B093B4 /* InviteUsersViewController.swift */,
			);
			path = "Invite Users Controllers";
			sourceTree = "<group>";
		};
		FE80B5BA2648A56D00B093B4 /* Invite Users Views */ = {
			isa = PBXGroup;
			children = (
				FE80B5BD2648A5B300B093B4 /* InviteUsersView.swift */,
			);
			path = "Invite Users Views";
			sourceTree = "<group>";
		};
		FE82990A26582F0600404443 /* Side Menu Controllers */ = {
			isa = PBXGroup;
			children = (
				FEDCC4E626557DE900C5FADB /* SideMenuViewController.swift */,
				FE82990B2658324E00404443 /* SideMenuButtonDelegate.swift */,
			);
			path = "Side Menu Controllers";
			sourceTree = "<group>";
		};
		FE82990F26598A9A00404443 /* Firebase Protocols */ = {
			isa = PBXGroup;
			children = (
				FE82991026598ABD00404443 /* SignOutProtocol.swift */,
			);
			path = "Firebase Protocols";
			sourceTree = "<group>";
		};
		FE94526A263F884C003EB5AE /* DTOs */ = {
			isa = PBXGroup;
			children = (
				FE94526B263F886B003EB5AE /* CottageInfo.swift */,
			);
			path = DTOs;
			sourceTree = "<group>";
		};
		FEB727BF2641C9490093061B /* Create Cottage Controllers */ = {
			isa = PBXGroup;
			children = (
				FEB727C02641CA1D0093061B /* CreateCottageViewController.swift */,
			);
			path = "Create Cottage Controllers";
			sourceTree = "<group>";
		};
		FEB727C32641CA230093061B /* Create Cottage Views */ = {
			isa = PBXGroup;
			children = (
				FEB727C42641CC200093061B /* CreateCottageView.swift */,
			);
			path = "Create Cottage Views";
			sourceTree = "<group>";
		};
		FEDCC4E326557C9300C5FADB /* Cottage Controllers */ = {
			isa = PBXGroup;
			children = (
				FE724F0C253A081C00764387 /* CottageTabsController.swift */,
				FEDCC4E426557D3A00C5FADB /* CottageContainerViewController.swift */,
			);
			path = "Cottage Controllers";
			sourceTree = "<group>";
		};
		FEE82BA22579DFFE00058A5A /* Groceries Tab Controllers */ = {
			isa = PBXGroup;
			children = (
				FE724F0F253CF06C00764387 /* GroceriesController.swift */,
				FEC156132577299E004FB37E /* GroceryListController.swift */,
				FE909896258ABB38002E00FB /* AddGroceryViewController.swift */,
			);
			path = "Groceries Tab Controllers";
			sourceTree = "<group>";
		};
		FEE82BA32579E02E00058A5A /* Drinks Tab Controllers */ = {
			isa = PBXGroup;
			children = (
				FE42A3202578826200538A99 /* DrinkListController.swift */,
				FE724F18253CF0AB00764387 /* DrinksController.swift */,
				FE681D102593FE4E007B4DEC /* AddDrinkViewController.swift */,
			);
			path = "Drinks Tab Controllers";
			sourceTree = "<group>";
		};
		FEE82BA42579E04300058A5A /* Cars Tab Controllers */ = {
			isa = PBXGroup;
			children = (
				FE724F12253CF08200764387 /* CarsController.swift */,
				FEABB59725953F8100D60A66 /* AddCarViewController.swift */,
			);
			path = "Cars Tab Controllers";
			sourceTree = "<group>";
		};
		FEE82BA52579E05300058A5A /* Beds Tab Controllers */ = {
			isa = PBXGroup;
			children = (
				FE724F15253CF09B00764387 /* BedsController.swift */,
				FE318470263106FE0053457F /* AddRoomViewController.swift */,
			);
			path = "Beds Tab Controllers";
			sourceTree = "<group>";
		};
		FEE82BA62579E06300058A5A /* Trip Information Tab Controllers */ = {
			isa = PBXGroup;
			children = (
				FE724F2F253E7A4E00764387 /* TripInformationController.swift */,
				FE0D91112638F24600B17BC8 /* AttendeesViewController.swift */,
			);
			path = "Trip Information Tab Controllers";
			sourceTree = "<group>";
		};
		FEE82BA72579E09100058A5A /* Cars Tab Views */ = {
			isa = PBXGroup;
			children = (
				FE6BAA7F25D2142D0054282D /* CarsCollectionView.swift */,
				FE724F442543E97B00764387 /* CarInformationView.swift */,
				FE724F4025431F1F00764387 /* CarCollectionViewCell.swift */,
				FEABB59A25953F9700D60A66 /* AddCarView.swift */,
				FE3237792636590F002C1607 /* CarPassengerPickerView.swift */,
			);
			path = "Cars Tab Views";
			sourceTree = "<group>";
		};
		FEE82BA82579E0A200058A5A /* Groceries Tab Views */ = {
			isa = PBXGroup;
			children = (
				FEAC9746254BB8C7007B83B1 /* GroceriesCollectionViewCell.swift */,
				FE12953625829CFD00043F41 /* GroceriesCollectionView.swift */,
				FE4383332583150600FE3FFB /* GroceriesCollectionViewDelegate.swift */,
				FE909899258ABB4D002E00FB /* AddGroceryView.swift */,
				FEFC947F265FF1D700CED366 /* GroceryListTableViewCell.swift */,
			);
			path = "Groceries Tab Views";
			sourceTree = "<group>";
		};
		FEE82BAA2579E0C700058A5A /* Beds Tab Views */ = {
			isa = PBXGroup;
			children = (
				FE148E882547C94C00DA5A16 /* RoomCollectionViewCell.swift */,
				FE30D2F525E88DC700ACC441 /* RoomCollectionView.swift */,
				FE318473263107300053457F /* AddRoomView.swift */,
			);
			path = "Beds Tab Views";
			sourceTree = "<group>";
		};
		FEE82BAB2579E0D300058A5A /* Drinks Tab Views */ = {
			isa = PBXGroup;
			children = (
				FEAC9743254BB4EA007B83B1 /* DrinksCollectionViewCell.swift */,
				FEBD42AF2585A927002D81A6 /* DrinksCollectionView.swift */,
				FEBD42B42585B107002D81A6 /* DrinksCollectionViewDelegate.swift */,
				FE681D132593FE72007B4DEC /* AddDrinkView.swift */,
			);
			path = "Drinks Tab Views";
			sourceTree = "<group>";
		};
		FEE82BAC2579E0DB00058A5A /* Trip Information Tab Views */ = {
			isa = PBXGroup;
			children = (
				FE034C42257DB04D00822907 /* AttendeesTableView.swift */,
				FE034C46257DB34B00822907 /* TripInformationCollectionView.swift */,
				FE034C49257DD15C00822907 /* TripInformationCollectionViewCell.swift */,
			);
			path = "Trip Information Tab Views";
			sourceTree = "<group>";
		};
		FEEA1DD025C737FB0050E6FA /* Request Models */ = {
			isa = PBXGroup;
			children = (
				FEEA1DD525C752760050E6FA /* BedRequest.swift */,
				FEEA1DD825C7531F0050E6FA /* CarRequest.swift */,
			);
			path = "Request Models";
			sourceTree = "<group>";
		};
		FEEA1DDE25C7683D0050E6FA /* Reusable Components */ = {
			isa = PBXGroup;
			children = (
				FEEA1DDF25C768450050E6FA /* Request Inbox */,
			);
			path = "Reusable Components";
			sourceTree = "<group>";
		};
		FEEA1DDF25C768450050E6FA /* Request Inbox */ = {
			isa = PBXGroup;
			children = (
				FEEA1DE025C7685C0050E6FA /* RequestInboxViewController.swift */,
				FEEA1DE525C76B2C0050E6FA /* RequestCell.swift */,
				FEEA1DE825C76DF60050E6FA /* RequestCollectionView.swift */,
			);
			path = "Request Inbox";
			sourceTree = "<group>";
		};
/* End PBXGroup section */

/* Begin PBXNativeTarget section */
		FE724ED125375D7C00764387 /* Cottage Organization Buddy */ = {
			isa = PBXNativeTarget;
			buildConfigurationList = FE724EE625375D8000764387 /* Build configuration list for PBXNativeTarget "Cottage Organization Buddy" */;
			buildPhases = (
				D0DD6F8A2545721600C7C4C4 /* [CP] Check Pods Manifest.lock */,
				FE724ECE25375D7C00764387 /* Sources */,
				FE724ECF25375D7C00764387 /* Frameworks */,
				FE724ED025375D7C00764387 /* Resources */,
				26B8F79186F8CEA52AEF0F8A /* [CP] Embed Pods Frameworks */,
				3FB6D8E1ACFADFA49088219C /* [CP] Copy Pods Resources */,
			);
			buildRules = (
			);
			dependencies = (
			);
			name = "Cottage Organization Buddy";
			productName = "Cottage Organization Buddy";
			productReference = FE724ED225375D7C00764387 /* Cottage Organization Buddy.app */;
			productType = "com.apple.product-type.application";
		};
/* End PBXNativeTarget section */

/* Begin PBXProject section */
		FE724ECA25375D7C00764387 /* Project object */ = {
			isa = PBXProject;
			attributes = {
				LastSwiftUpdateCheck = 1200;
				LastUpgradeCheck = 1200;
				TargetAttributes = {
					FE724ED125375D7C00764387 = {
						CreatedOnToolsVersion = 12.0.1;
					};
				};
			};
			buildConfigurationList = FE724ECD25375D7C00764387 /* Build configuration list for PBXProject "Cottage Organization Buddy" */;
			compatibilityVersion = "Xcode 9.3";
			developmentRegion = en;
			hasScannedForEncodings = 0;
			knownRegions = (
				en,
				Base,
			);
			mainGroup = FE724EC925375D7C00764387;
			productRefGroup = FE724ED325375D7C00764387 /* Products */;
			projectDirPath = "";
			projectRoot = "";
			targets = (
				FE724ED125375D7C00764387 /* Cottage Organization Buddy */,
			);
		};
/* End PBXProject section */

/* Begin PBXResourcesBuildPhase section */
		FE724ED025375D7C00764387 /* Resources */ = {
			isa = PBXResourcesBuildPhase;
			buildActionMask = 2147483647;
			files = (
				FE724EE225375D8000764387 /* LaunchScreen.storyboard in Resources */,
				FE99504826725BDF00A050EE /* Colors.xcassets in Resources */,
				FE724EDF25375D8000764387 /* Assets.xcassets in Resources */,
				FEB7F0DE25F07F3B00CAACB1 /* GoogleService-Info.plist in Resources */,
			);
			runOnlyForDeploymentPostprocessing = 0;
		};
/* End PBXResourcesBuildPhase section */

/* Begin PBXShellScriptBuildPhase section */
		26B8F79186F8CEA52AEF0F8A /* [CP] Embed Pods Frameworks */ = {
			isa = PBXShellScriptBuildPhase;
			buildActionMask = 2147483647;
			files = (
			);
			inputFileListPaths = (
				"${PODS_ROOT}/Target Support Files/Pods-Cottage Organization Buddy/Pods-Cottage Organization Buddy-frameworks-${CONFIGURATION}-input-files.xcfilelist",
			);
			name = "[CP] Embed Pods Frameworks";
			outputFileListPaths = (
				"${PODS_ROOT}/Target Support Files/Pods-Cottage Organization Buddy/Pods-Cottage Organization Buddy-frameworks-${CONFIGURATION}-output-files.xcfilelist",
			);
			runOnlyForDeploymentPostprocessing = 0;
			shellPath = /bin/sh;
			shellScript = "\"${PODS_ROOT}/Target Support Files/Pods-Cottage Organization Buddy/Pods-Cottage Organization Buddy-frameworks.sh\"\n";
			showEnvVarsInLog = 0;
		};
		3FB6D8E1ACFADFA49088219C /* [CP] Copy Pods Resources */ = {
			isa = PBXShellScriptBuildPhase;
			buildActionMask = 2147483647;
			files = (
			);
			inputFileListPaths = (
				"${PODS_ROOT}/Target Support Files/Pods-Cottage Organization Buddy/Pods-Cottage Organization Buddy-resources-${CONFIGURATION}-input-files.xcfilelist",
			);
			name = "[CP] Copy Pods Resources";
			outputFileListPaths = (
				"${PODS_ROOT}/Target Support Files/Pods-Cottage Organization Buddy/Pods-Cottage Organization Buddy-resources-${CONFIGURATION}-output-files.xcfilelist",
			);
			runOnlyForDeploymentPostprocessing = 0;
			shellPath = /bin/sh;
			shellScript = "\"${PODS_ROOT}/Target Support Files/Pods-Cottage Organization Buddy/Pods-Cottage Organization Buddy-resources.sh\"\n";
			showEnvVarsInLog = 0;
		};
		D0DD6F8A2545721600C7C4C4 /* [CP] Check Pods Manifest.lock */ = {
			isa = PBXShellScriptBuildPhase;
			buildActionMask = 2147483647;
			files = (
			);
			inputFileListPaths = (
			);
			inputPaths = (
				"${PODS_PODFILE_DIR_PATH}/Podfile.lock",
				"${PODS_ROOT}/Manifest.lock",
			);
			name = "[CP] Check Pods Manifest.lock";
			outputFileListPaths = (
			);
			outputPaths = (
				"$(DERIVED_FILE_DIR)/Pods-Cottage Organization Buddy-checkManifestLockResult.txt",
			);
			runOnlyForDeploymentPostprocessing = 0;
			shellPath = /bin/sh;
			shellScript = "diff \"${PODS_PODFILE_DIR_PATH}/Podfile.lock\" \"${PODS_ROOT}/Manifest.lock\" > /dev/null\nif [ $? != 0 ] ; then\n    # print error to STDERR\n    echo \"error: The sandbox is not in sync with the Podfile.lock. Run 'pod install' or update your CocoaPods installation.\" >&2\n    exit 1\nfi\n# This output is used by Xcode 'outputs' to avoid re-running this script phase.\necho \"SUCCESS\" > \"${SCRIPT_OUTPUT_FILE_0}\"\n";
			showEnvVarsInLog = 0;
		};
/* End PBXShellScriptBuildPhase section */

/* Begin PBXSourcesBuildPhase section */
		FE724ECE25375D7C00764387 /* Sources */ = {
			isa = PBXSourcesBuildPhase;
			buildActionMask = 2147483647;
			files = (
				FE909897258ABB38002E00FB /* AddGroceryViewController.swift in Sources */,
				FE034C47257DB34B00822907 /* TripInformationCollectionView.swift in Sources */,
				FE724EF42537D3EE00764387 /* CarModel.swift in Sources */,
				FEABB59825953F8100D60A66 /* AddCarViewController.swift in Sources */,
				FE959BDE259290870087A046 /* ToastMessageDisplayer.swift in Sources */,
				FE724F3D253E8A6D00764387 /* CottageModelProtocol.swift in Sources */,
				FE724F28253E773F00764387 /* AttendeeModel.swift in Sources */,
				FE724F16253CF09B00764387 /* BedsController.swift in Sources */,
				FE724EDA25375D7D00764387 /* HomeController.swift in Sources */,
				FE681D112593FE4E007B4DEC /* AddDrinkViewController.swift in Sources */,
				FE6856D32656FC9C006C3729 /* SideMenuOption.swift in Sources */,
				FE3DD32526399F7E001ECFC6 /* LandingPageViewController.swift in Sources */,
				FEAC9747254BB8C7007B83B1 /* GroceriesCollectionViewCell.swift in Sources */,
				FEBD42B02585A927002D81A6 /* DrinksCollectionView.swift in Sources */,
				FE4383342583150600FE3FFB /* GroceriesCollectionViewDelegate.swift in Sources */,
				FE724EFA2537DEEA00764387 /* CottageTrip.swift in Sources */,
				FEDCC4E526557D3A00C5FADB /* CottageContainerViewController.swift in Sources */,
				FE80B5BC2648A59800B093B4 /* InviteUsersViewController.swift in Sources */,
				FEEA1DE925C76DF60050E6FA /* RequestCollectionView.swift in Sources */,
				FEDCC4E726557DE900C5FADB /* SideMenuViewController.swift in Sources */,
				FEAC9744254BB4EA007B83B1 /* DrinksCollectionViewCell.swift in Sources */,
				FE945265263B09E5003EB5AE /* NewCottageCollectionViewCell.swift in Sources */,
				FEEA1DE625C76B2C0050E6FA /* RequestCell.swift in Sources */,
				FE90989A258ABB4D002E00FB /* AddGroceryView.swift in Sources */,
				FE148E892547C94C00DA5A16 /* RoomCollectionViewCell.swift in Sources */,
				FE034C43257DB04D00822907 /* AttendeesTableView.swift in Sources */,
				FE724ED625375D7C00764387 /* AppDelegate.swift in Sources */,
				FE724F19253CF0AB00764387 /* DrinksController.swift in Sources */,
				FE724ED825375D7C00764387 /* SceneDelegate.swift in Sources */,
				FE945268263B09F2003EB5AE /* CottageCollectionViewCell.swift in Sources */,
				FE82991126598ABE00404443 /* SignOutProtocol.swift in Sources */,
				FE724EED2537D3A700764387 /* GroceryModel.swift in Sources */,
				FE42A3212578826200538A99 /* DrinkListController.swift in Sources */,
				FE724F452543E97C00764387 /* CarInformationView.swift in Sources */,
				FE724F4125431F2000764387 /* CarCollectionViewCell.swift in Sources */,
				FEB727C52641CC200093061B /* CreateCottageView.swift in Sources */,
				FEEA1DE125C7685C0050E6FA /* RequestInboxViewController.swift in Sources */,
				FE724F0D253A081C00764387 /* CottageTabsController.swift in Sources */,
				FEEA1DD225C738250050E6FA /* RequestProtocol.swift in Sources */,
				FEFC9480265FF1D700CED366 /* GroceryListTableViewCell.swift in Sources */,
				FE0D91122638F24700B17BC8 /* AttendeesViewController.swift in Sources */,
				FE034C4A257DD15C00822907 /* TripInformationCollectionViewCell.swift in Sources */,
				FE0C79B025EC498E00AB92ED /* RoomModel.swift in Sources */,
				FE724F10253CF06C00764387 /* GroceriesController.swift in Sources */,
				FE9950492673E4BC00A050EE /* InviteUsersView.swift in Sources */,
				FE3DD32C2639ACE4001ECFC6 /* CottageCollectionView.swift in Sources */,
				FEC156142577299E004FB37E /* GroceryListController.swift in Sources */,
				FE6BAA8025D2142D0054282D /* CarsCollectionView.swift in Sources */,
				FEDB6E3F264B54AE00392C2E /* InvitedCottagesCollectionView.swift in Sources */,
				FEB727C12641CA1D0093061B /* CreateCottageViewController.swift in Sources */,
				FEEA1DD625C752760050E6FA /* BedRequest.swift in Sources */,
				FE318474263107300053457F /* AddRoomView.swift in Sources */,
				FE12953725829CFD00043F41 /* GroceriesCollectionView.swift in Sources */,
				FEEA1DD925C7531F0050E6FA /* CarRequest.swift in Sources */,
				FE724F38253E89E000764387 /* TabBarItemControllerProtocol.swift in Sources */,
				FE724F30253E7A4E00764387 /* TripInformationController.swift in Sources */,
				FE94526C263F886B003EB5AE /* CottageInfo.swift in Sources */,
				FE82990C2658324E00404443 /* SideMenuButtonDelegate.swift in Sources */,
				FE681D142593FE72007B4DEC /* AddDrinkView.swift in Sources */,
				FE318471263106FE0053457F /* AddRoomViewController.swift in Sources */,
				FE30D2F625E88DC700ACC441 /* RoomCollectionView.swift in Sources */,
				FEBD42B52585B107002D81A6 /* DrinksCollectionViewDelegate.swift in Sources */,
				FEDB6E3D264B1D6B00392C2E /* CottageInviteInboxView.swift in Sources */,
				FE724EF12537D3DF00764387 /* DrinksModel.swift in Sources */,
				FEABB59B25953F9700D60A66 /* AddCarView.swift in Sources */,
				FE82990E2658426F00404443 /* LandingPageContainerViewController.swift in Sources */,
				FE6856D12656F516006C3729 /* SideMenuTableViewCell.swift in Sources */,
				FE724F13253CF08200764387 /* CarsController.swift in Sources */,
				FEDCEEE0259A747400C7AAB1 /* UserService.swift in Sources */,
				FE32377A2636590F002C1607 /* CarPassengerPickerView.swift in Sources */,
				FE3DD32926399F9A001ECFC6 /* LandingPageView.swift in Sources */,
				FE724EF72537D40200764387 /* BedModel.swift in Sources */,
				FEDB6E3B264B1D5100392C2E /* CottageInviteInboxViewController.swift in Sources */,
				FEBC424E25FEDEFD00C35FE1 /* FirestoreServices.swift in Sources */,
			);
			runOnlyForDeploymentPostprocessing = 0;
		};
/* End PBXSourcesBuildPhase section */

/* Begin PBXVariantGroup section */
		FE724EE025375D8000764387 /* LaunchScreen.storyboard */ = {
			isa = PBXVariantGroup;
			children = (
				FE724EE125375D8000764387 /* Base */,
			);
			name = LaunchScreen.storyboard;
			sourceTree = "<group>";
		};
/* End PBXVariantGroup section */

/* Begin XCBuildConfiguration section */
		FE724EE425375D8000764387 /* Debug */ = {
			isa = XCBuildConfiguration;
			buildSettings = {
				ALWAYS_SEARCH_USER_PATHS = NO;
				CLANG_ANALYZER_NONNULL = YES;
				CLANG_ANALYZER_NUMBER_OBJECT_CONVERSION = YES_AGGRESSIVE;
				CLANG_CXX_LANGUAGE_STANDARD = "gnu++14";
				CLANG_CXX_LIBRARY = "libc++";
				CLANG_ENABLE_MODULES = YES;
				CLANG_ENABLE_OBJC_ARC = YES;
				CLANG_ENABLE_OBJC_WEAK = YES;
				CLANG_WARN_BLOCK_CAPTURE_AUTORELEASING = YES;
				CLANG_WARN_BOOL_CONVERSION = YES;
				CLANG_WARN_COMMA = YES;
				CLANG_WARN_CONSTANT_CONVERSION = YES;
				CLANG_WARN_DEPRECATED_OBJC_IMPLEMENTATIONS = YES;
				CLANG_WARN_DIRECT_OBJC_ISA_USAGE = YES_ERROR;
				CLANG_WARN_DOCUMENTATION_COMMENTS = YES;
				CLANG_WARN_EMPTY_BODY = YES;
				CLANG_WARN_ENUM_CONVERSION = YES;
				CLANG_WARN_INFINITE_RECURSION = YES;
				CLANG_WARN_INT_CONVERSION = YES;
				CLANG_WARN_NON_LITERAL_NULL_CONVERSION = YES;
				CLANG_WARN_OBJC_IMPLICIT_RETAIN_SELF = YES;
				CLANG_WARN_OBJC_LITERAL_CONVERSION = YES;
				CLANG_WARN_OBJC_ROOT_CLASS = YES_ERROR;
				CLANG_WARN_QUOTED_INCLUDE_IN_FRAMEWORK_HEADER = YES;
				CLANG_WARN_RANGE_LOOP_ANALYSIS = YES;
				CLANG_WARN_STRICT_PROTOTYPES = YES;
				CLANG_WARN_SUSPICIOUS_MOVE = YES;
				CLANG_WARN_UNGUARDED_AVAILABILITY = YES_AGGRESSIVE;
				CLANG_WARN_UNREACHABLE_CODE = YES;
				CLANG_WARN__DUPLICATE_METHOD_MATCH = YES;
				COPY_PHASE_STRIP = NO;
				DEBUG_INFORMATION_FORMAT = dwarf;
				ENABLE_STRICT_OBJC_MSGSEND = YES;
				ENABLE_TESTABILITY = YES;
				GCC_C_LANGUAGE_STANDARD = gnu11;
				GCC_DYNAMIC_NO_PIC = NO;
				GCC_NO_COMMON_BLOCKS = YES;
				GCC_OPTIMIZATION_LEVEL = 0;
				GCC_PREPROCESSOR_DEFINITIONS = (
					"DEBUG=1",
					"$(inherited)",
				);
				GCC_WARN_64_TO_32_BIT_CONVERSION = YES;
				GCC_WARN_ABOUT_RETURN_TYPE = YES_ERROR;
				GCC_WARN_UNDECLARED_SELECTOR = YES;
				GCC_WARN_UNINITIALIZED_AUTOS = YES_AGGRESSIVE;
				GCC_WARN_UNUSED_FUNCTION = YES;
				GCC_WARN_UNUSED_VARIABLE = YES;
				IPHONEOS_DEPLOYMENT_TARGET = 14.0;
				MTL_ENABLE_DEBUG_INFO = INCLUDE_SOURCE;
				MTL_FAST_MATH = YES;
				ONLY_ACTIVE_ARCH = YES;
				SDKROOT = iphoneos;
				SWIFT_ACTIVE_COMPILATION_CONDITIONS = DEBUG;
				SWIFT_OPTIMIZATION_LEVEL = "-Onone";
			};
			name = Debug;
		};
		FE724EE525375D8000764387 /* Release */ = {
			isa = XCBuildConfiguration;
			buildSettings = {
				ALWAYS_SEARCH_USER_PATHS = NO;
				CLANG_ANALYZER_NONNULL = YES;
				CLANG_ANALYZER_NUMBER_OBJECT_CONVERSION = YES_AGGRESSIVE;
				CLANG_CXX_LANGUAGE_STANDARD = "gnu++14";
				CLANG_CXX_LIBRARY = "libc++";
				CLANG_ENABLE_MODULES = YES;
				CLANG_ENABLE_OBJC_ARC = YES;
				CLANG_ENABLE_OBJC_WEAK = YES;
				CLANG_WARN_BLOCK_CAPTURE_AUTORELEASING = YES;
				CLANG_WARN_BOOL_CONVERSION = YES;
				CLANG_WARN_COMMA = YES;
				CLANG_WARN_CONSTANT_CONVERSION = YES;
				CLANG_WARN_DEPRECATED_OBJC_IMPLEMENTATIONS = YES;
				CLANG_WARN_DIRECT_OBJC_ISA_USAGE = YES_ERROR;
				CLANG_WARN_DOCUMENTATION_COMMENTS = YES;
				CLANG_WARN_EMPTY_BODY = YES;
				CLANG_WARN_ENUM_CONVERSION = YES;
				CLANG_WARN_INFINITE_RECURSION = YES;
				CLANG_WARN_INT_CONVERSION = YES;
				CLANG_WARN_NON_LITERAL_NULL_CONVERSION = YES;
				CLANG_WARN_OBJC_IMPLICIT_RETAIN_SELF = YES;
				CLANG_WARN_OBJC_LITERAL_CONVERSION = YES;
				CLANG_WARN_OBJC_ROOT_CLASS = YES_ERROR;
				CLANG_WARN_QUOTED_INCLUDE_IN_FRAMEWORK_HEADER = YES;
				CLANG_WARN_RANGE_LOOP_ANALYSIS = YES;
				CLANG_WARN_STRICT_PROTOTYPES = YES;
				CLANG_WARN_SUSPICIOUS_MOVE = YES;
				CLANG_WARN_UNGUARDED_AVAILABILITY = YES_AGGRESSIVE;
				CLANG_WARN_UNREACHABLE_CODE = YES;
				CLANG_WARN__DUPLICATE_METHOD_MATCH = YES;
				COPY_PHASE_STRIP = NO;
				DEBUG_INFORMATION_FORMAT = "dwarf-with-dsym";
				ENABLE_NS_ASSERTIONS = NO;
				ENABLE_STRICT_OBJC_MSGSEND = YES;
				GCC_C_LANGUAGE_STANDARD = gnu11;
				GCC_NO_COMMON_BLOCKS = YES;
				GCC_WARN_64_TO_32_BIT_CONVERSION = YES;
				GCC_WARN_ABOUT_RETURN_TYPE = YES_ERROR;
				GCC_WARN_UNDECLARED_SELECTOR = YES;
				GCC_WARN_UNINITIALIZED_AUTOS = YES_AGGRESSIVE;
				GCC_WARN_UNUSED_FUNCTION = YES;
				GCC_WARN_UNUSED_VARIABLE = YES;
				IPHONEOS_DEPLOYMENT_TARGET = 14.0;
				MTL_ENABLE_DEBUG_INFO = NO;
				MTL_FAST_MATH = YES;
				SDKROOT = iphoneos;
				SWIFT_COMPILATION_MODE = wholemodule;
				SWIFT_OPTIMIZATION_LEVEL = "-O";
				VALIDATE_PRODUCT = YES;
			};
			name = Release;
		};
		FE724EE725375D8000764387 /* Debug */ = {
			isa = XCBuildConfiguration;
			baseConfigurationReference = A02D09AE9600F819FA10CD75 /* Pods-Cottage Organization Buddy.debug.xcconfig */;
			buildSettings = {
				ASSETCATALOG_COMPILER_APPICON_NAME = AppIcon;
				ASSETCATALOG_COMPILER_GLOBAL_ACCENT_COLOR_NAME = AccentColor;
				CODE_SIGN_STYLE = Automatic;
				DEVELOPMENT_TEAM = 33VLBB4X9W;
				INFOPLIST_FILE = "Cottage Organization Buddy/Info.plist";
				LD_RUNPATH_SEARCH_PATHS = (
					"$(inherited)",
					"@executable_path/Frameworks",
				);
				PRODUCT_BUNDLE_IDENTIFIER = "com.philipdaloia.Cottage-Organization-Buddy";
				PRODUCT_NAME = "$(TARGET_NAME)";
				SWIFT_VERSION = 5.0;
				TARGETED_DEVICE_FAMILY = "1,2";
			};
			name = Debug;
		};
		FE724EE825375D8000764387 /* Release */ = {
			isa = XCBuildConfiguration;
			baseConfigurationReference = 05632C5855D6080366031E51 /* Pods-Cottage Organization Buddy.release.xcconfig */;
			buildSettings = {
				ASSETCATALOG_COMPILER_APPICON_NAME = AppIcon;
				ASSETCATALOG_COMPILER_GLOBAL_ACCENT_COLOR_NAME = AccentColor;
				CODE_SIGN_STYLE = Automatic;
				DEVELOPMENT_TEAM = 33VLBB4X9W;
				INFOPLIST_FILE = "Cottage Organization Buddy/Info.plist";
				LD_RUNPATH_SEARCH_PATHS = (
					"$(inherited)",
					"@executable_path/Frameworks",
				);
				PRODUCT_BUNDLE_IDENTIFIER = "com.philipdaloia.Cottage-Organization-Buddy";
				PRODUCT_NAME = "$(TARGET_NAME)";
				SWIFT_VERSION = 5.0;
				TARGETED_DEVICE_FAMILY = "1,2";
			};
			name = Release;
		};
/* End XCBuildConfiguration section */

/* Begin XCConfigurationList section */
		FE724ECD25375D7C00764387 /* Build configuration list for PBXProject "Cottage Organization Buddy" */ = {
			isa = XCConfigurationList;
			buildConfigurations = (
				FE724EE425375D8000764387 /* Debug */,
				FE724EE525375D8000764387 /* Release */,
			);
			defaultConfigurationIsVisible = 0;
			defaultConfigurationName = Release;
		};
		FE724EE625375D8000764387 /* Build configuration list for PBXNativeTarget "Cottage Organization Buddy" */ = {
			isa = XCConfigurationList;
			buildConfigurations = (
				FE724EE725375D8000764387 /* Debug */,
				FE724EE825375D8000764387 /* Release */,
			);
			defaultConfigurationIsVisible = 0;
			defaultConfigurationName = Release;
		};
/* End XCConfigurationList section */
	};
	rootObject = FE724ECA25375D7C00764387 /* Project object */;
}
